// !$*UTF8*$!
{
	archiveVersion = 1;
	classes = {
	};
	objectVersion = 56;
	objects = {

/* Begin PBXBuildFile section */
		D1BA58772ABAC802007437F4 /* AppDelegate.swift in Sources */ = {isa = PBXBuildFile; fileRef = D1BA58762ABAC802007437F4 /* AppDelegate.swift */; };
		D1BA58792ABAC802007437F4 /* SceneDelegate.swift in Sources */ = {isa = PBXBuildFile; fileRef = D1BA58782ABAC802007437F4 /* SceneDelegate.swift */; };
		D1BA587B2ABAC802007437F4 /* BeersViewController.swift in Sources */ = {isa = PBXBuildFile; fileRef = D1BA587A2ABAC802007437F4 /* BeersViewController.swift */; };
		D1BA58802ABAC803007437F4 /* Assets.xcassets in Resources */ = {isa = PBXBuildFile; fileRef = D1BA587F2ABAC803007437F4 /* Assets.xcassets */; };
		D1BA58832ABAC803007437F4 /* LaunchScreen.storyboard in Resources */ = {isa = PBXBuildFile; fileRef = D1BA58812ABAC803007437F4 /* LaunchScreen.storyboard */; };
		D1BA588B2ABACA9A007437F4 /* BeersViewModel.swift in Sources */ = {isa = PBXBuildFile; fileRef = D1BA588A2ABACA9A007437F4 /* BeersViewModel.swift */; };
		D1BA588D2ABACA9E007437F4 /* Network.swift in Sources */ = {isa = PBXBuildFile; fileRef = D1BA588C2ABACA9E007437F4 /* Network.swift */; };
		D1BA58912ABACAB8007437F4 /* Kingfisher in Frameworks */ = {isa = PBXBuildFile; productRef = D1BA58902ABACAB8007437F4 /* Kingfisher */; };
		D1BA58942ABACAC1007437F4 /* Alamofire in Frameworks */ = {isa = PBXBuildFile; productRef = D1BA58932ABACAC1007437F4 /* Alamofire */; };
		D1BA58972ABACACB007437F4 /* SnapKit in Frameworks */ = {isa = PBXBuildFile; productRef = D1BA58962ABACACB007437F4 /* SnapKit */; };
		D1BA58992ABACB7F007437F4 /* NetworkBasic.swift in Sources */ = {isa = PBXBuildFile; fileRef = D1BA58982ABACB7F007437F4 /* NetworkBasic.swift */; };
		D1BA589B2ABACC9D007437F4 /* BeerAPI.swift in Sources */ = {isa = PBXBuildFile; fileRef = D1BA589A2ABACC9D007437F4 /* BeerAPI.swift */; };
/* End PBXBuildFile section */

/* Begin PBXFileReference section */
		D1BA58732ABAC802007437F4 /* Cheers!.app */ = {isa = PBXFileReference; explicitFileType = wrapper.application; includeInIndex = 0; path = "Cheers!.app"; sourceTree = BUILT_PRODUCTS_DIR; };
		D1BA58762ABAC802007437F4 /* AppDelegate.swift */ = {isa = PBXFileReference; lastKnownFileType = sourcecode.swift; path = AppDelegate.swift; sourceTree = "<group>"; };
		D1BA58782ABAC802007437F4 /* SceneDelegate.swift */ = {isa = PBXFileReference; lastKnownFileType = sourcecode.swift; path = SceneDelegate.swift; sourceTree = "<group>"; };
		D1BA587A2ABAC802007437F4 /* BeersViewController.swift */ = {isa = PBXFileReference; lastKnownFileType = sourcecode.swift; path = BeersViewController.swift; sourceTree = "<group>"; };
		D1BA587F2ABAC803007437F4 /* Assets.xcassets */ = {isa = PBXFileReference; lastKnownFileType = folder.assetcatalog; path = Assets.xcassets; sourceTree = "<group>"; };
		D1BA58822ABAC803007437F4 /* Base */ = {isa = PBXFileReference; lastKnownFileType = file.storyboard; name = Base; path = Base.lproj/LaunchScreen.storyboard; sourceTree = "<group>"; };
		D1BA58842ABAC803007437F4 /* Info.plist */ = {isa = PBXFileReference; lastKnownFileType = text.plist.xml; path = Info.plist; sourceTree = "<group>"; };
		D1BA588A2ABACA9A007437F4 /* BeersViewModel.swift */ = {isa = PBXFileReference; lastKnownFileType = sourcecode.swift; path = BeersViewModel.swift; sourceTree = "<group>"; };
		D1BA588C2ABACA9E007437F4 /* Network.swift */ = {isa = PBXFileReference; lastKnownFileType = sourcecode.swift; path = Network.swift; sourceTree = "<group>"; };
		D1BA58982ABACB7F007437F4 /* NetworkBasic.swift */ = {isa = PBXFileReference; lastKnownFileType = sourcecode.swift; path = NetworkBasic.swift; sourceTree = "<group>"; };
		D1BA589A2ABACC9D007437F4 /* BeerAPI.swift */ = {isa = PBXFileReference; lastKnownFileType = sourcecode.swift; path = BeerAPI.swift; sourceTree = "<group>"; };
/* End PBXFileReference section */

/* Begin PBXFrameworksBuildPhase section */
		D1BA58702ABAC802007437F4 /* Frameworks */ = {
			isa = PBXFrameworksBuildPhase;
			buildActionMask = 2147483647;
			files = (
				D1BA58972ABACACB007437F4 /* SnapKit in Frameworks */,
				D1BA58912ABACAB8007437F4 /* Kingfisher in Frameworks */,
				D1BA58942ABACAC1007437F4 /* Alamofire in Frameworks */,
			);
			runOnlyForDeploymentPostprocessing = 0;
		};
/* End PBXFrameworksBuildPhase section */

/* Begin PBXGroup section */
		D1BA586A2ABAC802007437F4 = {
			isa = PBXGroup;
			children = (
				D1BA58752ABAC802007437F4 /* Cheers! */,
				D1BA58742ABAC802007437F4 /* Products */,
			);
			sourceTree = "<group>";
		};
		D1BA58742ABAC802007437F4 /* Products */ = {
			isa = PBXGroup;
			children = (
				D1BA58732ABAC802007437F4 /* Cheers!.app */,
			);
			name = Products;
			sourceTree = "<group>";
		};
		D1BA58752ABAC802007437F4 /* Cheers! */ = {
			isa = PBXGroup;
			children = (
				D1BA58762ABAC802007437F4 /* AppDelegate.swift */,
				D1BA58782ABAC802007437F4 /* SceneDelegate.swift */,
				D1BA587A2ABAC802007437F4 /* BeersViewController.swift */,
				D1BA588A2ABACA9A007437F4 /* BeersViewModel.swift */,
				D1BA588E2ABACAA7007437F4 /* Network */,
				D1BA587F2ABAC803007437F4 /* Assets.xcassets */,
				D1BA58812ABAC803007437F4 /* LaunchScreen.storyboard */,
				D1BA58842ABAC803007437F4 /* Info.plist */,
			);
			path = "Cheers!";
			sourceTree = "<group>";
		};
		D1BA588E2ABACAA7007437F4 /* Network */ = {
			isa = PBXGroup;
			children = (
				D1BA588C2ABACA9E007437F4 /* Network.swift */,
				D1BA58982ABACB7F007437F4 /* NetworkBasic.swift */,
				D1BA589A2ABACC9D007437F4 /* BeerAPI.swift */,
			);
			name = Network;
			sourceTree = "<group>";
		};
/* End PBXGroup section */

/* Begin PBXNativeTarget section */
		D1BA58722ABAC802007437F4 /* Cheers! */ = {
			isa = PBXNativeTarget;
			buildConfigurationList = D1BA58872ABAC803007437F4 /* Build configuration list for PBXNativeTarget "Cheers!" */;
			buildPhases = (
				D1BA586F2ABAC802007437F4 /* Sources */,
				D1BA58702ABAC802007437F4 /* Frameworks */,
				D1BA58712ABAC802007437F4 /* Resources */,
			);
			buildRules = (
			);
			dependencies = (
			);
			name = "Cheers!";
			packageProductDependencies = (
				D1BA58902ABACAB8007437F4 /* Kingfisher */,
				D1BA58932ABACAC1007437F4 /* Alamofire */,
				D1BA58962ABACACB007437F4 /* SnapKit */,
			);
			productName = "Cheers!";
			productReference = D1BA58732ABAC802007437F4 /* Cheers!.app */;
			productType = "com.apple.product-type.application";
		};
/* End PBXNativeTarget section */

/* Begin PBXProject section */
		D1BA586B2ABAC802007437F4 /* Project object */ = {
			isa = PBXProject;
			attributes = {
				BuildIndependentTargetsInParallel = 1;
				LastSwiftUpdateCheck = 1430;
				LastUpgradeCheck = 1430;
				TargetAttributes = {
					D1BA58722ABAC802007437F4 = {
						CreatedOnToolsVersion = 14.3.1;
					};
				};
			};
			buildConfigurationList = D1BA586E2ABAC802007437F4 /* Build configuration list for PBXProject "Cheers!" */;
			compatibilityVersion = "Xcode 14.0";
			developmentRegion = en;
			hasScannedForEncodings = 0;
			knownRegions = (
				en,
				Base,
			);
			mainGroup = D1BA586A2ABAC802007437F4;
			packageReferences = (
				D1BA588F2ABACAB8007437F4 /* XCRemoteSwiftPackageReference "Kingfisher" */,
				D1BA58922ABACAC1007437F4 /* XCRemoteSwiftPackageReference "Alamofire" */,
				D1BA58952ABACACB007437F4 /* XCRemoteSwiftPackageReference "SnapKit" */,
			);
			productRefGroup = D1BA58742ABAC802007437F4 /* Products */;
			projectDirPath = "";
			projectRoot = "";
			targets = (
				D1BA58722ABAC802007437F4 /* Cheers! */,
			);
		};
/* End PBXProject section */

/* Begin PBXResourcesBuildPhase section */
		D1BA58712ABAC802007437F4 /* Resources */ = {
			isa = PBXResourcesBuildPhase;
			buildActionMask = 2147483647;
			files = (
				D1BA58832ABAC803007437F4 /* LaunchScreen.storyboard in Resources */,
				D1BA58802ABAC803007437F4 /* Assets.xcassets in Resources */,
			);
			runOnlyForDeploymentPostprocessing = 0;
		};
/* End PBXResourcesBuildPhase section */

/* Begin PBXSourcesBuildPhase section */
		D1BA586F2ABAC802007437F4 /* Sources */ = {
			isa = PBXSourcesBuildPhase;
			buildActionMask = 2147483647;
			files = (
				D1BA588D2ABACA9E007437F4 /* Network.swift in Sources */,
				D1BA58992ABACB7F007437F4 /* NetworkBasic.swift in Sources */,
				D1BA588B2ABACA9A007437F4 /* BeersViewModel.swift in Sources */,
				D1BA587B2ABAC802007437F4 /* BeersViewController.swift in Sources */,
				D1BA589B2ABACC9D007437F4 /* BeerAPI.swift in Sources */,
				D1BA58772ABAC802007437F4 /* AppDelegate.swift in Sources */,
				D1BA58792ABAC802007437F4 /* SceneDelegate.swift in Sources */,
			);
			runOnlyForDeploymentPostprocessing = 0;
		};
/* End PBXSourcesBuildPhase section */

/* Begin PBXVariantGroup section */
		D1BA58812ABAC803007437F4 /* LaunchScreen.storyboard */ = {
			isa = PBXVariantGroup;
			children = (
				D1BA58822ABAC803007437F4 /* Base */,
			);
			name = LaunchScreen.storyboard;
			sourceTree = "<group>";
		};
/* End PBXVariantGroup section */

/* Begin XCBuildConfiguration section */
		D1BA58852ABAC803007437F4 /* Debug */ = {
			isa = XCBuildConfiguration;
			buildSettings = {
				ALWAYS_SEARCH_USER_PATHS = NO;
				CLANG_ANALYZER_NONNULL = YES;
				CLANG_ANALYZER_NUMBER_OBJECT_CONVERSION = YES_AGGRESSIVE;
				CLANG_CXX_LANGUAGE_STANDARD = "gnu++20";
				CLANG_ENABLE_MODULES = YES;
				CLANG_ENABLE_OBJC_ARC = YES;
				CLANG_ENABLE_OBJC_WEAK = YES;
				CLANG_WARN_BLOCK_CAPTURE_AUTORELEASING = YES;
				CLANG_WARN_BOOL_CONVERSION = YES;
				CLANG_WARN_COMMA = YES;
				CLANG_WARN_CONSTANT_CONVERSION = YES;
				CLANG_WARN_DEPRECATED_OBJC_IMPLEMENTATIONS = YES;
				CLANG_WARN_DIRECT_OBJC_ISA_USAGE = YES_ERROR;
				CLANG_WARN_DOCUMENTATION_COMMENTS = YES;
				CLANG_WARN_EMPTY_BODY = YES;
				CLANG_WARN_ENUM_CONVERSION = YES;
				CLANG_WARN_INFINITE_RECURSION = YES;
				CLANG_WARN_INT_CONVERSION = YES;
				CLANG_WARN_NON_LITERAL_NULL_CONVERSION = YES;
				CLANG_WARN_OBJC_IMPLICIT_RETAIN_SELF = YES;
				CLANG_WARN_OBJC_LITERAL_CONVERSION = YES;
				CLANG_WARN_OBJC_ROOT_CLASS = YES_ERROR;
				CLANG_WARN_QUOTED_INCLUDE_IN_FRAMEWORK_HEADER = YES;
				CLANG_WARN_RANGE_LOOP_ANALYSIS = YES;
				CLANG_WARN_STRICT_PROTOTYPES = YES;
				CLANG_WARN_SUSPICIOUS_MOVE = YES;
				CLANG_WARN_UNGUARDED_AVAILABILITY = YES_AGGRESSIVE;
				CLANG_WARN_UNREACHABLE_CODE = YES;
				CLANG_WARN__DUPLICATE_METHOD_MATCH = YES;
				COPY_PHASE_STRIP = NO;
				DEBUG_INFORMATION_FORMAT = dwarf;
				ENABLE_STRICT_OBJC_MSGSEND = YES;
				ENABLE_TESTABILITY = YES;
				GCC_C_LANGUAGE_STANDARD = gnu11;
				GCC_DYNAMIC_NO_PIC = NO;
				GCC_NO_COMMON_BLOCKS = YES;
				GCC_OPTIMIZATION_LEVEL = 0;
				GCC_PREPROCESSOR_DEFINITIONS = (
					"DEBUG=1",
					"$(inherited)",
				);
				GCC_WARN_64_TO_32_BIT_CONVERSION = YES;
				GCC_WARN_ABOUT_RETURN_TYPE = YES_ERROR;
				GCC_WARN_UNDECLARED_SELECTOR = YES;
				GCC_WARN_UNINITIALIZED_AUTOS = YES_AGGRESSIVE;
				GCC_WARN_UNUSED_FUNCTION = YES;
				GCC_WARN_UNUSED_VARIABLE = YES;
				IPHONEOS_DEPLOYMENT_TARGET = 16.4;
				MTL_ENABLE_DEBUG_INFO = INCLUDE_SOURCE;
				MTL_FAST_MATH = YES;
				ONLY_ACTIVE_ARCH = YES;
				SDKROOT = iphoneos;
				SWIFT_ACTIVE_COMPILATION_CONDITIONS = DEBUG;
				SWIFT_OPTIMIZATION_LEVEL = "-Onone";
			};
			name = Debug;
		};
		D1BA58862ABAC803007437F4 /* Release */ = {
			isa = XCBuildConfiguration;
			buildSettings = {
				ALWAYS_SEARCH_USER_PATHS = NO;
				CLANG_ANALYZER_NONNULL = YES;
				CLANG_ANALYZER_NUMBER_OBJECT_CONVERSION = YES_AGGRESSIVE;
				CLANG_CXX_LANGUAGE_STANDARD = "gnu++20";
				CLANG_ENABLE_MODULES = YES;
				CLANG_ENABLE_OBJC_ARC = YES;
				CLANG_ENABLE_OBJC_WEAK = YES;
				CLANG_WARN_BLOCK_CAPTURE_AUTORELEASING = YES;
				CLANG_WARN_BOOL_CONVERSION = YES;
				CLANG_WARN_COMMA = YES;
				CLANG_WARN_CONSTANT_CONVERSION = YES;
				CLANG_WARN_DEPRECATED_OBJC_IMPLEMENTATIONS = YES;
				CLANG_WARN_DIRECT_OBJC_ISA_USAGE = YES_ERROR;
				CLANG_WARN_DOCUMENTATION_COMMENTS = YES;
				CLANG_WARN_EMPTY_BODY = YES;
				CLANG_WARN_ENUM_CONVERSION = YES;
				CLANG_WARN_INFINITE_RECURSION = YES;
				CLANG_WARN_INT_CONVERSION = YES;
				CLANG_WARN_NON_LITERAL_NULL_CONVERSION = YES;
				CLANG_WARN_OBJC_IMPLICIT_RETAIN_SELF = YES;
				CLANG_WARN_OBJC_LITERAL_CONVERSION = YES;
				CLANG_WARN_OBJC_ROOT_CLASS = YES_ERROR;
				CLANG_WARN_QUOTED_INCLUDE_IN_FRAMEWORK_HEADER = YES;
				CLANG_WARN_RANGE_LOOP_ANALYSIS = YES;
				CLANG_WARN_STRICT_PROTOTYPES = YES;
				CLANG_WARN_SUSPICIOUS_MOVE = YES;
				CLANG_WARN_UNGUARDED_AVAILABILITY = YES_AGGRESSIVE;
				CLANG_WARN_UNREACHABLE_CODE = YES;
				CLANG_WARN__DUPLICATE_METHOD_MATCH = YES;
				COPY_PHASE_STRIP = NO;
				DEBUG_INFORMATION_FORMAT = "dwarf-with-dsym";
				ENABLE_NS_ASSERTIONS = NO;
				ENABLE_STRICT_OBJC_MSGSEND = YES;
				GCC_C_LANGUAGE_STANDARD = gnu11;
				GCC_NO_COMMON_BLOCKS = YES;
				GCC_WARN_64_TO_32_BIT_CONVERSION = YES;
				GCC_WARN_ABOUT_RETURN_TYPE = YES_ERROR;
				GCC_WARN_UNDECLARED_SELECTOR = YES;
				GCC_WARN_UNINITIALIZED_AUTOS = YES_AGGRESSIVE;
				GCC_WARN_UNUSED_FUNCTION = YES;
				GCC_WARN_UNUSED_VARIABLE = YES;
				IPHONEOS_DEPLOYMENT_TARGET = 16.4;
				MTL_ENABLE_DEBUG_INFO = NO;
				MTL_FAST_MATH = YES;
				SDKROOT = iphoneos;
				SWIFT_COMPILATION_MODE = wholemodule;
				SWIFT_OPTIMIZATION_LEVEL = "-O";
				VALIDATE_PRODUCT = YES;
			};
			name = Release;
		};
		D1BA58882ABAC803007437F4 /* Debug */ = {
			isa = XCBuildConfiguration;
			buildSettings = {
				ASSETCATALOG_COMPILER_APPICON_NAME = AppIcon;
				ASSETCATALOG_COMPILER_GLOBAL_ACCENT_COLOR_NAME = AccentColor;
				CODE_SIGN_STYLE = Automatic;
				CURRENT_PROJECT_VERSION = 1;
				DEVELOPMENT_TEAM = X686YG6VXT;
				GENERATE_INFOPLIST_FILE = YES;
				INFOPLIST_FILE = "Cheers!/Info.plist";
				INFOPLIST_KEY_UIApplicationSupportsIndirectInputEvents = YES;
				INFOPLIST_KEY_UILaunchStoryboardName = LaunchScreen;
				INFOPLIST_KEY_UISupportedInterfaceOrientations_iPad = "UIInterfaceOrientationPortrait UIInterfaceOrientationPortraitUpsideDown UIInterfaceOrientationLandscapeLeft UIInterfaceOrientationLandscapeRight";
				INFOPLIST_KEY_UISupportedInterfaceOrientations_iPhone = "UIInterfaceOrientationPortrait UIInterfaceOrientationLandscapeLeft UIInterfaceOrientationLandscapeRight";
				LD_RUNPATH_SEARCH_PATHS = (
					"$(inherited)",
					"@executable_path/Frameworks",
				);
				MARKETING_VERSION = 1.0;
				PRODUCT_BUNDLE_IDENTIFIER = "com.neenee.Cheers-";
				PRODUCT_NAME = "$(TARGET_NAME)";
				SWIFT_EMIT_LOC_STRINGS = YES;
				SWIFT_VERSION = 5.0;
				TARGETED_DEVICE_FAMILY = "1,2";
			};
			name = Debug;
		};
		D1BA58892ABAC803007437F4 /* Release */ = {
			isa = XCBuildConfiguration;
			buildSettings = {
				ASSETCATALOG_COMPILER_APPICON_NAME = AppIcon;
				ASSETCATALOG_COMPILER_GLOBAL_ACCENT_COLOR_NAME = AccentColor;
				CODE_SIGN_STYLE = Automatic;
				CURRENT_PROJECT_VERSION = 1;
				DEVELOPMENT_TEAM = X686YG6VXT;
				GENERATE_INFOPLIST_FILE = YES;
				INFOPLIST_FILE = "Cheers!/Info.plist";
				INFOPLIST_KEY_UIApplicationSupportsIndirectInputEvents = YES;
				INFOPLIST_KEY_UILaunchStoryboardName = LaunchScreen;
				INFOPLIST_KEY_UISupportedInterfaceOrientations_iPad = "UIInterfaceOrientationPortrait UIInterfaceOrientationPortraitUpsideDown UIInterfaceOrientationLandscapeLeft UIInterfaceOrientationLandscapeRight";
				INFOPLIST_KEY_UISupportedInterfaceOrientations_iPhone = "UIInterfaceOrientationPortrait UIInterfaceOrientationLandscapeLeft UIInterfaceOrientationLandscapeRight";
				LD_RUNPATH_SEARCH_PATHS = (
					"$(inherited)",
					"@executable_path/Frameworks",
				);
				MARKETING_VERSION = 1.0;
				PRODUCT_BUNDLE_IDENTIFIER = "com.neenee.Cheers-";
				PRODUCT_NAME = "$(TARGET_NAME)";
				SWIFT_EMIT_LOC_STRINGS = YES;
				SWIFT_VERSION = 5.0;
				TARGETED_DEVICE_FAMILY = "1,2";
			};
			name = Release;
		};
/* End XCBuildConfiguration section */

/* Begin XCConfigurationList section */
		D1BA586E2ABAC802007437F4 /* Build configuration list for PBXProject "Cheers!" */ = {
			isa = XCConfigurationList;
			buildConfigurations = (
				D1BA58852ABAC803007437F4 /* Debug */,
				D1BA58862ABAC803007437F4 /* Release */,
			);
			defaultConfigurationIsVisible = 0;
			defaultConfigurationName = Release;
		};
		D1BA58872ABAC803007437F4 /* Build configuration list for PBXNativeTarget "Cheers!" */ = {
			isa = XCConfigurationList;
			buildConfigurations = (
				D1BA58882ABAC803007437F4 /* Debug */,
				D1BA58892ABAC803007437F4 /* Release */,
			);
			defaultConfigurationIsVisible = 0;
			defaultConfigurationName = Release;
		};
/* End XCConfigurationList section */

/* Begin XCRemoteSwiftPackageReference section */
		D1BA588F2ABACAB8007437F4 /* XCRemoteSwiftPackageReference "Kingfisher" */ = {
			isa = XCRemoteSwiftPackageReference;
			repositoryURL = "https://github.com/onevcat/Kingfisher.git";
			requirement = {
				kind = upToNextMajorVersion;
				minimumVersion = 7.0.0;
			};
		};
		D1BA58922ABACAC1007437F4 /* XCRemoteSwiftPackageReference "Alamofire" */ = {
			isa = XCRemoteSwiftPackageReference;
			repositoryURL = "https://github.com/Alamofire/Alamofire";
			requirement = {
				kind = upToNextMajorVersion;
				minimumVersion = 5.0.0;
			};
		};
		D1BA58952ABACACB007437F4 /* XCRemoteSwiftPackageReference "SnapKit" */ = {
			isa = XCRemoteSwiftPackageReference;
			repositoryURL = "https://github.com/SnapKit/SnapKit.git";
			requirement = {
				kind = upToNextMajorVersion;
				minimumVersion = 5.0.0;
			};
		};
/* End XCRemoteSwiftPackageReference section */

/* Begin XCSwiftPackageProductDependency section */
		D1BA58902ABACAB8007437F4 /* Kingfisher */ = {
			isa = XCSwiftPackageProductDependency;
			package = D1BA588F2ABACAB8007437F4 /* XCRemoteSwiftPackageReference "Kingfisher" */;
			productName = Kingfisher;
		};
		D1BA58932ABACAC1007437F4 /* Alamofire */ = {
			isa = XCSwiftPackageProductDependency;
			package = D1BA58922ABACAC1007437F4 /* XCRemoteSwiftPackageReference "Alamofire" */;
			productName = Alamofire;
		};
		D1BA58962ABACACB007437F4 /* SnapKit */ = {
			isa = XCSwiftPackageProductDependency;
			package = D1BA58952ABACACB007437F4 /* XCRemoteSwiftPackageReference "SnapKit" */;
			productName = SnapKit;
		};
/* End XCSwiftPackageProductDependency section */
	};
	rootObject = D1BA586B2ABAC802007437F4 /* Project object */;
}
