// !$*UTF8*$!
{
	archiveVersion = 1;
	classes = {
	};
	objectVersion = 56;
	objects = {

/* Begin PBXBuildFile section */
		D1058BA62A68DAB900FCDAB2 /* AppDelegate.swift in Sources */ = {isa = PBXBuildFile; fileRef = D1058BA52A68DAB900FCDAB2 /* AppDelegate.swift */; };
		D1058BA82A68DAB900FCDAB2 /* SceneDelegate.swift in Sources */ = {isa = PBXBuildFile; fileRef = D1058BA72A68DAB900FCDAB2 /* SceneDelegate.swift */; };
		D1058BAA2A68DAB900FCDAB2 /* ViewController.swift in Sources */ = {isa = PBXBuildFile; fileRef = D1058BA92A68DAB900FCDAB2 /* ViewController.swift */; };
		D1058BAD2A68DAB900FCDAB2 /* Main.storyboard in Resources */ = {isa = PBXBuildFile; fileRef = D1058BAB2A68DAB900FCDAB2 /* Main.storyboard */; };
		D1058BAF2A68DAB900FCDAB2 /* Assets.xcassets in Resources */ = {isa = PBXBuildFile; fileRef = D1058BAE2A68DAB900FCDAB2 /* Assets.xcassets */; };
		D1058BB22A68DAB900FCDAB2 /* LaunchScreen.storyboard in Resources */ = {isa = PBXBuildFile; fileRef = D1058BB02A68DAB900FCDAB2 /* LaunchScreen.storyboard */; };
		D13197F72A69613C006DB848 /* CoinedWordsData.swift in Sources */ = {isa = PBXBuildFile; fileRef = D13197F62A69613C006DB848 /* CoinedWordsData.swift */; };
		D13198032A6D4C16006DB848 /* Baemin.storyboard in Resources */ = {isa = PBXBuildFile; fileRef = D13198022A6D4C16006DB848 /* Baemin.storyboard */; };
		D13198052A6D4C20006DB848 /* KakaoTalk.storyboard in Resources */ = {isa = PBXBuildFile; fileRef = D13198042A6D4C20006DB848 /* KakaoTalk.storyboard */; };
		D1F419DD2A6EB66D0035CFD8 /* AddWordViewController.swift in Sources */ = {isa = PBXBuildFile; fileRef = D1F419DC2A6EB66D0035CFD8 /* AddWordViewController.swift */; };
/* End PBXBuildFile section */

/* Begin PBXFileReference section */
		D1058BA22A68DAB900FCDAB2 /* NewlyCoinedWord.app */ = {isa = PBXFileReference; explicitFileType = wrapper.application; includeInIndex = 0; path = NewlyCoinedWord.app; sourceTree = BUILT_PRODUCTS_DIR; };
		D1058BA52A68DAB900FCDAB2 /* AppDelegate.swift */ = {isa = PBXFileReference; lastKnownFileType = sourcecode.swift; path = AppDelegate.swift; sourceTree = "<group>"; };
		D1058BA72A68DAB900FCDAB2 /* SceneDelegate.swift */ = {isa = PBXFileReference; lastKnownFileType = sourcecode.swift; path = SceneDelegate.swift; sourceTree = "<group>"; };
		D1058BA92A68DAB900FCDAB2 /* ViewController.swift */ = {isa = PBXFileReference; lastKnownFileType = sourcecode.swift; path = ViewController.swift; sourceTree = "<group>"; };
		D1058BAC2A68DAB900FCDAB2 /* Base */ = {isa = PBXFileReference; lastKnownFileType = file.storyboard; name = Base; path = Base.lproj/Main.storyboard; sourceTree = "<group>"; };
		D1058BAE2A68DAB900FCDAB2 /* Assets.xcassets */ = {isa = PBXFileReference; lastKnownFileType = folder.assetcatalog; path = Assets.xcassets; sourceTree = "<group>"; };
		D1058BB12A68DAB900FCDAB2 /* Base */ = {isa = PBXFileReference; lastKnownFileType = file.storyboard; name = Base; path = Base.lproj/LaunchScreen.storyboard; sourceTree = "<group>"; };
		D1058BB32A68DAB900FCDAB2 /* Info.plist */ = {isa = PBXFileReference; lastKnownFileType = text.plist.xml; path = Info.plist; sourceTree = "<group>"; };
		D13197F62A69613C006DB848 /* CoinedWordsData.swift */ = {isa = PBXFileReference; lastKnownFileType = sourcecode.swift; path = CoinedWordsData.swift; sourceTree = "<group>"; };
		D13198022A6D4C16006DB848 /* Baemin.storyboard */ = {isa = PBXFileReference; lastKnownFileType = file.storyboard; path = Baemin.storyboard; sourceTree = "<group>"; };
		D13198042A6D4C20006DB848 /* KakaoTalk.storyboard */ = {isa = PBXFileReference; lastKnownFileType = file.storyboard; path = KakaoTalk.storyboard; sourceTree = "<group>"; };
		D1F419DC2A6EB66D0035CFD8 /* AddWordViewController.swift */ = {isa = PBXFileReference; lastKnownFileType = sourcecode.swift; path = AddWordViewController.swift; sourceTree = "<group>"; };
/* End PBXFileReference section */

/* Begin PBXFrameworksBuildPhase section */
		D1058B9F2A68DAB900FCDAB2 /* Frameworks */ = {
			isa = PBXFrameworksBuildPhase;
			buildActionMask = 2147483647;
			files = (
			);
			runOnlyForDeploymentPostprocessing = 0;
		};
/* End PBXFrameworksBuildPhase section */

/* Begin PBXGroup section */
		D1058B992A68DAB900FCDAB2 = {
			isa = PBXGroup;
			children = (
				D1058BA42A68DAB900FCDAB2 /* NewlyCoinedWord */,
				D1058BA32A68DAB900FCDAB2 /* Products */,
			);
			sourceTree = "<group>";
		};
		D1058BA32A68DAB900FCDAB2 /* Products */ = {
			isa = PBXGroup;
			children = (
				D1058BA22A68DAB900FCDAB2 /* NewlyCoinedWord.app */,
			);
			name = Products;
			sourceTree = "<group>";
		};
		D1058BA42A68DAB900FCDAB2 /* NewlyCoinedWord */ = {
			isa = PBXGroup;
			children = (
				D1058BA52A68DAB900FCDAB2 /* AppDelegate.swift */,
				D1058BA72A68DAB900FCDAB2 /* SceneDelegate.swift */,
				D1058BAB2A68DAB900FCDAB2 /* Main.storyboard */,
				D1F419DE2A6ED0E60035CFD8 /* View */,
				D13197F82A6A0C32006DB848 /* Data */,
				D13197FD2A6A0F3F006DB848 /* AutoLayoutPractice */,
				D1058BAE2A68DAB900FCDAB2 /* Assets.xcassets */,
				D1058BB02A68DAB900FCDAB2 /* LaunchScreen.storyboard */,
				D1058BB32A68DAB900FCDAB2 /* Info.plist */,
			);
			path = NewlyCoinedWord;
			sourceTree = "<group>";
		};
		D13197F82A6A0C32006DB848 /* Data */ = {
			isa = PBXGroup;
			children = (
				D13197F62A69613C006DB848 /* CoinedWordsData.swift */,
			);
			path = Data;
			sourceTree = "<group>";
		};
		D13197FD2A6A0F3F006DB848 /* AutoLayoutPractice */ = {
			isa = PBXGroup;
			children = (
				D13198022A6D4C16006DB848 /* Baemin.storyboard */,
				D13198042A6D4C20006DB848 /* KakaoTalk.storyboard */,
			);
			path = AutoLayoutPractice;
			sourceTree = "<group>";
		};
		D1F419DE2A6ED0E60035CFD8 /* View */ = {
			isa = PBXGroup;
			children = (
				D1058BA92A68DAB900FCDAB2 /* ViewController.swift */,
				D1F419DC2A6EB66D0035CFD8 /* AddWordViewController.swift */,
			);
			path = View;
			sourceTree = "<group>";
		};
/* End PBXGroup section */

/* Begin PBXNativeTarget section */
		D1058BA12A68DAB900FCDAB2 /* NewlyCoinedWord */ = {
			isa = PBXNativeTarget;
			buildConfigurationList = D1058BB62A68DAB900FCDAB2 /* Build configuration list for PBXNativeTarget "NewlyCoinedWord" */;
			buildPhases = (
				D1058B9E2A68DAB900FCDAB2 /* Sources */,
				D1058B9F2A68DAB900FCDAB2 /* Frameworks */,
				D1058BA02A68DAB900FCDAB2 /* Resources */,
			);
			buildRules = (
			);
			dependencies = (
			);
			name = NewlyCoinedWord;
			productName = NewlyCoinedWord;
			productReference = D1058BA22A68DAB900FCDAB2 /* NewlyCoinedWord.app */;
			productType = "com.apple.product-type.application";
		};
/* End PBXNativeTarget section */

/* Begin PBXProject section */
		D1058B9A2A68DAB900FCDAB2 /* Project object */ = {
			isa = PBXProject;
			attributes = {
				BuildIndependentTargetsInParallel = 1;
				LastSwiftUpdateCheck = 1430;
				LastUpgradeCheck = 1430;
				TargetAttributes = {
					D1058BA12A68DAB900FCDAB2 = {
						CreatedOnToolsVersion = 14.3.1;
					};
				};
			};
			buildConfigurationList = D1058B9D2A68DAB900FCDAB2 /* Build configuration list for PBXProject "NewlyCoinedWord" */;
			compatibilityVersion = "Xcode 14.0";
			developmentRegion = en;
			hasScannedForEncodings = 0;
			knownRegions = (
				en,
				Base,
			);
			mainGroup = D1058B992A68DAB900FCDAB2;
			productRefGroup = D1058BA32A68DAB900FCDAB2 /* Products */;
			projectDirPath = "";
			projectRoot = "";
			targets = (
				D1058BA12A68DAB900FCDAB2 /* NewlyCoinedWord */,
			);
		};
/* End PBXProject section */

/* Begin PBXResourcesBuildPhase section */
		D1058BA02A68DAB900FCDAB2 /* Resources */ = {
			isa = PBXResourcesBuildPhase;
			buildActionMask = 2147483647;
			files = (
				D13198032A6D4C16006DB848 /* Baemin.storyboard in Resources */,
				D1058BB22A68DAB900FCDAB2 /* LaunchScreen.storyboard in Resources */,
				D1058BAF2A68DAB900FCDAB2 /* Assets.xcassets in Resources */,
				D1058BAD2A68DAB900FCDAB2 /* Main.storyboard in Resources */,
				D13198052A6D4C20006DB848 /* KakaoTalk.storyboard in Resources */,
			);
			runOnlyForDeploymentPostprocessing = 0;
		};
/* End PBXResourcesBuildPhase section */

/* Begin PBXSourcesBuildPhase section */
		D1058B9E2A68DAB900FCDAB2 /* Sources */ = {
			isa = PBXSourcesBuildPhase;
			buildActionMask = 2147483647;
			files = (
				D1F419DD2A6EB66D0035CFD8 /* AddWordViewController.swift in Sources */,
				D1058BAA2A68DAB900FCDAB2 /* ViewController.swift in Sources */,
				D1058BA62A68DAB900FCDAB2 /* AppDelegate.swift in Sources */,
				D1058BA82A68DAB900FCDAB2 /* SceneDelegate.swift in Sources */,
				D13197F72A69613C006DB848 /* CoinedWordsData.swift in Sources */,
			);
			runOnlyForDeploymentPostprocessing = 0;
		};
/* End PBXSourcesBuildPhase section */

/* Begin PBXVariantGroup section */
		D1058BAB2A68DAB900FCDAB2 /* Main.storyboard */ = {
			isa = PBXVariantGroup;
			children = (
				D1058BAC2A68DAB900FCDAB2 /* Base */,
			);
			name = Main.storyboard;
			sourceTree = "<group>";
		};
		D1058BB02A68DAB900FCDAB2 /* LaunchScreen.storyboard */ = {
			isa = PBXVariantGroup;
			children = (
				D1058BB12A68DAB900FCDAB2 /* Base */,
			);
			name = LaunchScreen.storyboard;
			sourceTree = "<group>";
		};
/* End PBXVariantGroup section */

/* Begin XCBuildConfiguration section */
		D1058BB42A68DAB900FCDAB2 /* Debug */ = {
			isa = XCBuildConfiguration;
			buildSettings = {
				ALWAYS_SEARCH_USER_PATHS = NO;
				CLANG_ANALYZER_NONNULL = YES;
				CLANG_ANALYZER_NUMBER_OBJECT_CONVERSION = YES_AGGRESSIVE;
				CLANG_CXX_LANGUAGE_STANDARD = "gnu++20";
				CLANG_ENABLE_MODULES = YES;
				CLANG_ENABLE_OBJC_ARC = YES;
				CLANG_ENABLE_OBJC_WEAK = YES;
				CLANG_WARN_BLOCK_CAPTURE_AUTORELEASING = YES;
				CLANG_WARN_BOOL_CONVERSION = YES;
				CLANG_WARN_COMMA = YES;
				CLANG_WARN_CONSTANT_CONVERSION = YES;
				CLANG_WARN_DEPRECATED_OBJC_IMPLEMENTATIONS = YES;
				CLANG_WARN_DIRECT_OBJC_ISA_USAGE = YES_ERROR;
				CLANG_WARN_DOCUMENTATION_COMMENTS = YES;
				CLANG_WARN_EMPTY_BODY = YES;
				CLANG_WARN_ENUM_CONVERSION = YES;
				CLANG_WARN_INFINITE_RECURSION = YES;
				CLANG_WARN_INT_CONVERSION = YES;
				CLANG_WARN_NON_LITERAL_NULL_CONVERSION = YES;
				CLANG_WARN_OBJC_IMPLICIT_RETAIN_SELF = YES;
				CLANG_WARN_OBJC_LITERAL_CONVERSION = YES;
				CLANG_WARN_OBJC_ROOT_CLASS = YES_ERROR;
				CLANG_WARN_QUOTED_INCLUDE_IN_FRAMEWORK_HEADER = YES;
				CLANG_WARN_RANGE_LOOP_ANALYSIS = YES;
				CLANG_WARN_STRICT_PROTOTYPES = YES;
				CLANG_WARN_SUSPICIOUS_MOVE = YES;
				CLANG_WARN_UNGUARDED_AVAILABILITY = YES_AGGRESSIVE;
				CLANG_WARN_UNREACHABLE_CODE = YES;
				CLANG_WARN__DUPLICATE_METHOD_MATCH = YES;
				COPY_PHASE_STRIP = NO;
				DEBUG_INFORMATION_FORMAT = dwarf;
				ENABLE_STRICT_OBJC_MSGSEND = YES;
				ENABLE_TESTABILITY = YES;
				GCC_C_LANGUAGE_STANDARD = gnu11;
				GCC_DYNAMIC_NO_PIC = NO;
				GCC_NO_COMMON_BLOCKS = YES;
				GCC_OPTIMIZATION_LEVEL = 0;
				GCC_PREPROCESSOR_DEFINITIONS = (
					"DEBUG=1",
					"$(inherited)",
				);
				GCC_WARN_64_TO_32_BIT_CONVERSION = YES;
				GCC_WARN_ABOUT_RETURN_TYPE = YES_ERROR;
				GCC_WARN_UNDECLARED_SELECTOR = YES;
				GCC_WARN_UNINITIALIZED_AUTOS = YES_AGGRESSIVE;
				GCC_WARN_UNUSED_FUNCTION = YES;
				GCC_WARN_UNUSED_VARIABLE = YES;
				IPHONEOS_DEPLOYMENT_TARGET = 16.4;
				MTL_ENABLE_DEBUG_INFO = INCLUDE_SOURCE;
				MTL_FAST_MATH = YES;
				ONLY_ACTIVE_ARCH = YES;
				SDKROOT = iphoneos;
				SWIFT_ACTIVE_COMPILATION_CONDITIONS = DEBUG;
				SWIFT_OPTIMIZATION_LEVEL = "-Onone";
			};
			name = Debug;
		};
		D1058BB52A68DAB900FCDAB2 /* Release */ = {
			isa = XCBuildConfiguration;
			buildSettings = {
				ALWAYS_SEARCH_USER_PATHS = NO;
				CLANG_ANALYZER_NONNULL = YES;
				CLANG_ANALYZER_NUMBER_OBJECT_CONVERSION = YES_AGGRESSIVE;
				CLANG_CXX_LANGUAGE_STANDARD = "gnu++20";
				CLANG_ENABLE_MODULES = YES;
				CLANG_ENABLE_OBJC_ARC = YES;
				CLANG_ENABLE_OBJC_WEAK = YES;
				CLANG_WARN_BLOCK_CAPTURE_AUTORELEASING = YES;
				CLANG_WARN_BOOL_CONVERSION = YES;
				CLANG_WARN_COMMA = YES;
				CLANG_WARN_CONSTANT_CONVERSION = YES;
				CLANG_WARN_DEPRECATED_OBJC_IMPLEMENTATIONS = YES;
				CLANG_WARN_DIRECT_OBJC_ISA_USAGE = YES_ERROR;
				CLANG_WARN_DOCUMENTATION_COMMENTS = YES;
				CLANG_WARN_EMPTY_BODY = YES;
				CLANG_WARN_ENUM_CONVERSION = YES;
				CLANG_WARN_INFINITE_RECURSION = YES;
				CLANG_WARN_INT_CONVERSION = YES;
				CLANG_WARN_NON_LITERAL_NULL_CONVERSION = YES;
				CLANG_WARN_OBJC_IMPLICIT_RETAIN_SELF = YES;
				CLANG_WARN_OBJC_LITERAL_CONVERSION = YES;
				CLANG_WARN_OBJC_ROOT_CLASS = YES_ERROR;
				CLANG_WARN_QUOTED_INCLUDE_IN_FRAMEWORK_HEADER = YES;
				CLANG_WARN_RANGE_LOOP_ANALYSIS = YES;
				CLANG_WARN_STRICT_PROTOTYPES = YES;
				CLANG_WARN_SUSPICIOUS_MOVE = YES;
				CLANG_WARN_UNGUARDED_AVAILABILITY = YES_AGGRESSIVE;
				CLANG_WARN_UNREACHABLE_CODE = YES;
				CLANG_WARN__DUPLICATE_METHOD_MATCH = YES;
				COPY_PHASE_STRIP = NO;
				DEBUG_INFORMATION_FORMAT = "dwarf-with-dsym";
				ENABLE_NS_ASSERTIONS = NO;
				ENABLE_STRICT_OBJC_MSGSEND = YES;
				GCC_C_LANGUAGE_STANDARD = gnu11;
				GCC_NO_COMMON_BLOCKS = YES;
				GCC_WARN_64_TO_32_BIT_CONVERSION = YES;
				GCC_WARN_ABOUT_RETURN_TYPE = YES_ERROR;
				GCC_WARN_UNDECLARED_SELECTOR = YES;
				GCC_WARN_UNINITIALIZED_AUTOS = YES_AGGRESSIVE;
				GCC_WARN_UNUSED_FUNCTION = YES;
				GCC_WARN_UNUSED_VARIABLE = YES;
				IPHONEOS_DEPLOYMENT_TARGET = 16.4;
				MTL_ENABLE_DEBUG_INFO = NO;
				MTL_FAST_MATH = YES;
				SDKROOT = iphoneos;
				SWIFT_COMPILATION_MODE = wholemodule;
				SWIFT_OPTIMIZATION_LEVEL = "-O";
				VALIDATE_PRODUCT = YES;
			};
			name = Release;
		};
		D1058BB72A68DAB900FCDAB2 /* Debug */ = {
			isa = XCBuildConfiguration;
			buildSettings = {
				ASSETCATALOG_COMPILER_APPICON_NAME = AppIcon;
				ASSETCATALOG_COMPILER_GLOBAL_ACCENT_COLOR_NAME = AccentColor;
				CODE_SIGN_STYLE = Automatic;
				CURRENT_PROJECT_VERSION = 1;
				DEVELOPMENT_TEAM = X686YG6VXT;
				GENERATE_INFOPLIST_FILE = YES;
				INFOPLIST_FILE = NewlyCoinedWord/Info.plist;
				INFOPLIST_KEY_UIApplicationSupportsIndirectInputEvents = YES;
				INFOPLIST_KEY_UILaunchStoryboardName = LaunchScreen;
				INFOPLIST_KEY_UIMainStoryboardFile = Main;
				INFOPLIST_KEY_UISupportedInterfaceOrientations_iPad = "UIInterfaceOrientationPortrait UIInterfaceOrientationPortraitUpsideDown UIInterfaceOrientationLandscapeLeft UIInterfaceOrientationLandscapeRight";
				INFOPLIST_KEY_UISupportedInterfaceOrientations_iPhone = "UIInterfaceOrientationPortrait UIInterfaceOrientationLandscapeLeft UIInterfaceOrientationLandscapeRight";
				IPHONEOS_DEPLOYMENT_TARGET = 13.4;
				LD_RUNPATH_SEARCH_PATHS = (
					"$(inherited)",
					"@executable_path/Frameworks",
				);
				MARKETING_VERSION = 1.0;
				PRODUCT_BUNDLE_IDENTIFIER = com.neenee.NewlyCoinedWord;
				PRODUCT_NAME = "$(TARGET_NAME)";
				SUPPORTED_PLATFORMS = "iphoneos iphonesimulator";
				SUPPORTS_MACCATALYST = NO;
				SUPPORTS_MAC_DESIGNED_FOR_IPHONE_IPAD = NO;
				SWIFT_EMIT_LOC_STRINGS = YES;
				SWIFT_VERSION = 5.0;
				TARGETED_DEVICE_FAMILY = 1;
			};
			name = Debug;
		};
		D1058BB82A68DAB900FCDAB2 /* Release */ = {
			isa = XCBuildConfiguration;
			buildSettings = {
				ASSETCATALOG_COMPILER_APPICON_NAME = AppIcon;
				ASSETCATALOG_COMPILER_GLOBAL_ACCENT_COLOR_NAME = AccentColor;
				CODE_SIGN_STYLE = Automatic;
				CURRENT_PROJECT_VERSION = 1;
				DEVELOPMENT_TEAM = X686YG6VXT;
				GENERATE_INFOPLIST_FILE = YES;
				INFOPLIST_FILE = NewlyCoinedWord/Info.plist;
				INFOPLIST_KEY_UIApplicationSupportsIndirectInputEvents = YES;
				INFOPLIST_KEY_UILaunchStoryboardName = LaunchScreen;
				INFOPLIST_KEY_UIMainStoryboardFile = Main;
				INFOPLIST_KEY_UISupportedInterfaceOrientations_iPad = "UIInterfaceOrientationPortrait UIInterfaceOrientationPortraitUpsideDown UIInterfaceOrientationLandscapeLeft UIInterfaceOrientationLandscapeRight";
				INFOPLIST_KEY_UISupportedInterfaceOrientations_iPhone = "UIInterfaceOrientationPortrait UIInterfaceOrientationLandscapeLeft UIInterfaceOrientationLandscapeRight";
				IPHONEOS_DEPLOYMENT_TARGET = 13.4;
				LD_RUNPATH_SEARCH_PATHS = (
					"$(inherited)",
					"@executable_path/Frameworks",
				);
				MARKETING_VERSION = 1.0;
				PRODUCT_BUNDLE_IDENTIFIER = com.neenee.NewlyCoinedWord;
				PRODUCT_NAME = "$(TARGET_NAME)";
				SUPPORTED_PLATFORMS = "iphoneos iphonesimulator";
				SUPPORTS_MACCATALYST = NO;
				SUPPORTS_MAC_DESIGNED_FOR_IPHONE_IPAD = NO;
				SWIFT_EMIT_LOC_STRINGS = YES;
				SWIFT_VERSION = 5.0;
				TARGETED_DEVICE_FAMILY = 1;
			};
			name = Release;
		};
/* End XCBuildConfiguration section */

/* Begin XCConfigurationList section */
		D1058B9D2A68DAB900FCDAB2 /* Build configuration list for PBXProject "NewlyCoinedWord" */ = {
			isa = XCConfigurationList;
			buildConfigurations = (
				D1058BB42A68DAB900FCDAB2 /* Debug */,
				D1058BB52A68DAB900FCDAB2 /* Release */,
			);
			defaultConfigurationIsVisible = 0;
			defaultConfigurationName = Release;
		};
		D1058BB62A68DAB900FCDAB2 /* Build configuration list for PBXNativeTarget "NewlyCoinedWord" */ = {
			isa = XCConfigurationList;
			buildConfigurations = (
				D1058BB72A68DAB900FCDAB2 /* Debug */,
				D1058BB82A68DAB900FCDAB2 /* Release */,
			);
			defaultConfigurationIsVisible = 0;
			defaultConfigurationName = Release;
		};
/* End XCConfigurationList section */
	};
	rootObject = D1058B9A2A68DAB900FCDAB2 /* Project object */;
}
