// !$*UTF8*$!
{
	archiveVersion = 1;
	classes = {
	};
	objectVersion = 56;
	objects = {

/* Begin PBXBuildFile section */
		D187C5A82A9349CA005C261A /* AppDelegate.swift in Sources */ = {isa = PBXBuildFile; fileRef = D187C5A72A9349CA005C261A /* AppDelegate.swift */; };
		D187C5AA2A9349CA005C261A /* SceneDelegate.swift in Sources */ = {isa = PBXBuildFile; fileRef = D187C5A92A9349CA005C261A /* SceneDelegate.swift */; };
		D187C5AC2A9349CA005C261A /* ViewController.swift in Sources */ = {isa = PBXBuildFile; fileRef = D187C5AB2A9349CA005C261A /* ViewController.swift */; };
		D187C5AF2A9349CA005C261A /* Main.storyboard in Resources */ = {isa = PBXBuildFile; fileRef = D187C5AD2A9349CA005C261A /* Main.storyboard */; };
		D187C5B12A9349CA005C261A /* Assets.xcassets in Resources */ = {isa = PBXBuildFile; fileRef = D187C5B02A9349CA005C261A /* Assets.xcassets */; };
		D187C5B42A9349CA005C261A /* LaunchScreen.storyboard in Resources */ = {isa = PBXBuildFile; fileRef = D187C5B22A9349CA005C261A /* LaunchScreen.storyboard */; };
		D187C5BC2A934EF3005C261A /* View+.swift in Sources */ = {isa = PBXBuildFile; fileRef = D187C5BB2A934EF3005C261A /* View+.swift */; };
		D187C5BE2A9353E0005C261A /* Button+.swift in Sources */ = {isa = PBXBuildFile; fileRef = D187C5BD2A9353E0005C261A /* Button+.swift */; };
/* End PBXBuildFile section */

/* Begin PBXFileReference section */
		D187C5A42A9349CA005C261A /* LayoutPractice.app */ = {isa = PBXFileReference; explicitFileType = wrapper.application; includeInIndex = 0; path = LayoutPractice.app; sourceTree = BUILT_PRODUCTS_DIR; };
		D187C5A72A9349CA005C261A /* AppDelegate.swift */ = {isa = PBXFileReference; lastKnownFileType = sourcecode.swift; path = AppDelegate.swift; sourceTree = "<group>"; };
		D187C5A92A9349CA005C261A /* SceneDelegate.swift */ = {isa = PBXFileReference; lastKnownFileType = sourcecode.swift; path = SceneDelegate.swift; sourceTree = "<group>"; };
		D187C5AB2A9349CA005C261A /* ViewController.swift */ = {isa = PBXFileReference; lastKnownFileType = sourcecode.swift; path = ViewController.swift; sourceTree = "<group>"; };
		D187C5AE2A9349CA005C261A /* Base */ = {isa = PBXFileReference; lastKnownFileType = file.storyboard; name = Base; path = Base.lproj/Main.storyboard; sourceTree = "<group>"; };
		D187C5B02A9349CA005C261A /* Assets.xcassets */ = {isa = PBXFileReference; lastKnownFileType = folder.assetcatalog; path = Assets.xcassets; sourceTree = "<group>"; };
		D187C5B32A9349CA005C261A /* Base */ = {isa = PBXFileReference; lastKnownFileType = file.storyboard; name = Base; path = Base.lproj/LaunchScreen.storyboard; sourceTree = "<group>"; };
		D187C5B52A9349CA005C261A /* Info.plist */ = {isa = PBXFileReference; lastKnownFileType = text.plist.xml; path = Info.plist; sourceTree = "<group>"; };
		D187C5BB2A934EF3005C261A /* View+.swift */ = {isa = PBXFileReference; lastKnownFileType = sourcecode.swift; path = "View+.swift"; sourceTree = "<group>"; };
		D187C5BD2A9353E0005C261A /* Button+.swift */ = {isa = PBXFileReference; lastKnownFileType = sourcecode.swift; path = "Button+.swift"; sourceTree = "<group>"; };
/* End PBXFileReference section */

/* Begin PBXFrameworksBuildPhase section */
		D187C5A12A9349CA005C261A /* Frameworks */ = {
			isa = PBXFrameworksBuildPhase;
			buildActionMask = 2147483647;
			files = (
			);
			runOnlyForDeploymentPostprocessing = 0;
		};
/* End PBXFrameworksBuildPhase section */

/* Begin PBXGroup section */
		D187C59B2A9349CA005C261A = {
			isa = PBXGroup;
			children = (
				D187C5A62A9349CA005C261A /* LayoutPractice */,
				D187C5A52A9349CA005C261A /* Products */,
			);
			sourceTree = "<group>";
		};
		D187C5A52A9349CA005C261A /* Products */ = {
			isa = PBXGroup;
			children = (
				D187C5A42A9349CA005C261A /* LayoutPractice.app */,
			);
			name = Products;
			sourceTree = "<group>";
		};
		D187C5A62A9349CA005C261A /* LayoutPractice */ = {
			isa = PBXGroup;
			children = (
				D187C5A72A9349CA005C261A /* AppDelegate.swift */,
				D187C5A92A9349CA005C261A /* SceneDelegate.swift */,
				D187C5AB2A9349CA005C261A /* ViewController.swift */,
				D187C5AD2A9349CA005C261A /* Main.storyboard */,
				D187C5BB2A934EF3005C261A /* View+.swift */,
				D187C5BD2A9353E0005C261A /* Button+.swift */,
				D187C5B02A9349CA005C261A /* Assets.xcassets */,
				D187C5B22A9349CA005C261A /* LaunchScreen.storyboard */,
				D187C5B52A9349CA005C261A /* Info.plist */,
			);
			path = LayoutPractice;
			sourceTree = "<group>";
		};
/* End PBXGroup section */

/* Begin PBXNativeTarget section */
		D187C5A32A9349CA005C261A /* LayoutPractice */ = {
			isa = PBXNativeTarget;
			buildConfigurationList = D187C5B82A9349CA005C261A /* Build configuration list for PBXNativeTarget "LayoutPractice" */;
			buildPhases = (
				D187C5A02A9349CA005C261A /* Sources */,
				D187C5A12A9349CA005C261A /* Frameworks */,
				D187C5A22A9349CA005C261A /* Resources */,
			);
			buildRules = (
			);
			dependencies = (
			);
			name = LayoutPractice;
			productName = LayoutPractice;
			productReference = D187C5A42A9349CA005C261A /* LayoutPractice.app */;
			productType = "com.apple.product-type.application";
		};
/* End PBXNativeTarget section */

/* Begin PBXProject section */
		D187C59C2A9349CA005C261A /* Project object */ = {
			isa = PBXProject;
			attributes = {
				BuildIndependentTargetsInParallel = 1;
				LastSwiftUpdateCheck = 1430;
				LastUpgradeCheck = 1430;
				TargetAttributes = {
					D187C5A32A9349CA005C261A = {
						CreatedOnToolsVersion = 14.3.1;
					};
				};
			};
			buildConfigurationList = D187C59F2A9349CA005C261A /* Build configuration list for PBXProject "LayoutPractice" */;
			compatibilityVersion = "Xcode 14.0";
			developmentRegion = en;
			hasScannedForEncodings = 0;
			knownRegions = (
				en,
				Base,
			);
			mainGroup = D187C59B2A9349CA005C261A;
			productRefGroup = D187C5A52A9349CA005C261A /* Products */;
			projectDirPath = "";
			projectRoot = "";
			targets = (
				D187C5A32A9349CA005C261A /* LayoutPractice */,
			);
		};
/* End PBXProject section */

/* Begin PBXResourcesBuildPhase section */
		D187C5A22A9349CA005C261A /* Resources */ = {
			isa = PBXResourcesBuildPhase;
			buildActionMask = 2147483647;
			files = (
				D187C5B42A9349CA005C261A /* LaunchScreen.storyboard in Resources */,
				D187C5B12A9349CA005C261A /* Assets.xcassets in Resources */,
				D187C5AF2A9349CA005C261A /* Main.storyboard in Resources */,
			);
			runOnlyForDeploymentPostprocessing = 0;
		};
/* End PBXResourcesBuildPhase section */

/* Begin PBXSourcesBuildPhase section */
		D187C5A02A9349CA005C261A /* Sources */ = {
			isa = PBXSourcesBuildPhase;
			buildActionMask = 2147483647;
			files = (
				D187C5BE2A9353E0005C261A /* Button+.swift in Sources */,
				D187C5BC2A934EF3005C261A /* View+.swift in Sources */,
				D187C5AC2A9349CA005C261A /* ViewController.swift in Sources */,
				D187C5A82A9349CA005C261A /* AppDelegate.swift in Sources */,
				D187C5AA2A9349CA005C261A /* SceneDelegate.swift in Sources */,
			);
			runOnlyForDeploymentPostprocessing = 0;
		};
/* End PBXSourcesBuildPhase section */

/* Begin PBXVariantGroup section */
		D187C5AD2A9349CA005C261A /* Main.storyboard */ = {
			isa = PBXVariantGroup;
			children = (
				D187C5AE2A9349CA005C261A /* Base */,
			);
			name = Main.storyboard;
			sourceTree = "<group>";
		};
		D187C5B22A9349CA005C261A /* LaunchScreen.storyboard */ = {
			isa = PBXVariantGroup;
			children = (
				D187C5B32A9349CA005C261A /* Base */,
			);
			name = LaunchScreen.storyboard;
			sourceTree = "<group>";
		};
/* End PBXVariantGroup section */

/* Begin XCBuildConfiguration section */
		D187C5B62A9349CA005C261A /* Debug */ = {
			isa = XCBuildConfiguration;
			buildSettings = {
				ALWAYS_SEARCH_USER_PATHS = NO;
				CLANG_ANALYZER_NONNULL = YES;
				CLANG_ANALYZER_NUMBER_OBJECT_CONVERSION = YES_AGGRESSIVE;
				CLANG_CXX_LANGUAGE_STANDARD = "gnu++20";
				CLANG_ENABLE_MODULES = YES;
				CLANG_ENABLE_OBJC_ARC = YES;
				CLANG_ENABLE_OBJC_WEAK = YES;
				CLANG_WARN_BLOCK_CAPTURE_AUTORELEASING = YES;
				CLANG_WARN_BOOL_CONVERSION = YES;
				CLANG_WARN_COMMA = YES;
				CLANG_WARN_CONSTANT_CONVERSION = YES;
				CLANG_WARN_DEPRECATED_OBJC_IMPLEMENTATIONS = YES;
				CLANG_WARN_DIRECT_OBJC_ISA_USAGE = YES_ERROR;
				CLANG_WARN_DOCUMENTATION_COMMENTS = YES;
				CLANG_WARN_EMPTY_BODY = YES;
				CLANG_WARN_ENUM_CONVERSION = YES;
				CLANG_WARN_INFINITE_RECURSION = YES;
				CLANG_WARN_INT_CONVERSION = YES;
				CLANG_WARN_NON_LITERAL_NULL_CONVERSION = YES;
				CLANG_WARN_OBJC_IMPLICIT_RETAIN_SELF = YES;
				CLANG_WARN_OBJC_LITERAL_CONVERSION = YES;
				CLANG_WARN_OBJC_ROOT_CLASS = YES_ERROR;
				CLANG_WARN_QUOTED_INCLUDE_IN_FRAMEWORK_HEADER = YES;
				CLANG_WARN_RANGE_LOOP_ANALYSIS = YES;
				CLANG_WARN_STRICT_PROTOTYPES = YES;
				CLANG_WARN_SUSPICIOUS_MOVE = YES;
				CLANG_WARN_UNGUARDED_AVAILABILITY = YES_AGGRESSIVE;
				CLANG_WARN_UNREACHABLE_CODE = YES;
				CLANG_WARN__DUPLICATE_METHOD_MATCH = YES;
				COPY_PHASE_STRIP = NO;
				DEBUG_INFORMATION_FORMAT = dwarf;
				ENABLE_STRICT_OBJC_MSGSEND = YES;
				ENABLE_TESTABILITY = YES;
				GCC_C_LANGUAGE_STANDARD = gnu11;
				GCC_DYNAMIC_NO_PIC = NO;
				GCC_NO_COMMON_BLOCKS = YES;
				GCC_OPTIMIZATION_LEVEL = 0;
				GCC_PREPROCESSOR_DEFINITIONS = (
					"DEBUG=1",
					"$(inherited)",
				);
				GCC_WARN_64_TO_32_BIT_CONVERSION = YES;
				GCC_WARN_ABOUT_RETURN_TYPE = YES_ERROR;
				GCC_WARN_UNDECLARED_SELECTOR = YES;
				GCC_WARN_UNINITIALIZED_AUTOS = YES_AGGRESSIVE;
				GCC_WARN_UNUSED_FUNCTION = YES;
				GCC_WARN_UNUSED_VARIABLE = YES;
				IPHONEOS_DEPLOYMENT_TARGET = 16.4;
				MTL_ENABLE_DEBUG_INFO = INCLUDE_SOURCE;
				MTL_FAST_MATH = YES;
				ONLY_ACTIVE_ARCH = YES;
				SDKROOT = iphoneos;
				SWIFT_ACTIVE_COMPILATION_CONDITIONS = DEBUG;
				SWIFT_OPTIMIZATION_LEVEL = "-Onone";
			};
			name = Debug;
		};
		D187C5B72A9349CA005C261A /* Release */ = {
			isa = XCBuildConfiguration;
			buildSettings = {
				ALWAYS_SEARCH_USER_PATHS = NO;
				CLANG_ANALYZER_NONNULL = YES;
				CLANG_ANALYZER_NUMBER_OBJECT_CONVERSION = YES_AGGRESSIVE;
				CLANG_CXX_LANGUAGE_STANDARD = "gnu++20";
				CLANG_ENABLE_MODULES = YES;
				CLANG_ENABLE_OBJC_ARC = YES;
				CLANG_ENABLE_OBJC_WEAK = YES;
				CLANG_WARN_BLOCK_CAPTURE_AUTORELEASING = YES;
				CLANG_WARN_BOOL_CONVERSION = YES;
				CLANG_WARN_COMMA = YES;
				CLANG_WARN_CONSTANT_CONVERSION = YES;
				CLANG_WARN_DEPRECATED_OBJC_IMPLEMENTATIONS = YES;
				CLANG_WARN_DIRECT_OBJC_ISA_USAGE = YES_ERROR;
				CLANG_WARN_DOCUMENTATION_COMMENTS = YES;
				CLANG_WARN_EMPTY_BODY = YES;
				CLANG_WARN_ENUM_CONVERSION = YES;
				CLANG_WARN_INFINITE_RECURSION = YES;
				CLANG_WARN_INT_CONVERSION = YES;
				CLANG_WARN_NON_LITERAL_NULL_CONVERSION = YES;
				CLANG_WARN_OBJC_IMPLICIT_RETAIN_SELF = YES;
				CLANG_WARN_OBJC_LITERAL_CONVERSION = YES;
				CLANG_WARN_OBJC_ROOT_CLASS = YES_ERROR;
				CLANG_WARN_QUOTED_INCLUDE_IN_FRAMEWORK_HEADER = YES;
				CLANG_WARN_RANGE_LOOP_ANALYSIS = YES;
				CLANG_WARN_STRICT_PROTOTYPES = YES;
				CLANG_WARN_SUSPICIOUS_MOVE = YES;
				CLANG_WARN_UNGUARDED_AVAILABILITY = YES_AGGRESSIVE;
				CLANG_WARN_UNREACHABLE_CODE = YES;
				CLANG_WARN__DUPLICATE_METHOD_MATCH = YES;
				COPY_PHASE_STRIP = NO;
				DEBUG_INFORMATION_FORMAT = "dwarf-with-dsym";
				ENABLE_NS_ASSERTIONS = NO;
				ENABLE_STRICT_OBJC_MSGSEND = YES;
				GCC_C_LANGUAGE_STANDARD = gnu11;
				GCC_NO_COMMON_BLOCKS = YES;
				GCC_WARN_64_TO_32_BIT_CONVERSION = YES;
				GCC_WARN_ABOUT_RETURN_TYPE = YES_ERROR;
				GCC_WARN_UNDECLARED_SELECTOR = YES;
				GCC_WARN_UNINITIALIZED_AUTOS = YES_AGGRESSIVE;
				GCC_WARN_UNUSED_FUNCTION = YES;
				GCC_WARN_UNUSED_VARIABLE = YES;
				IPHONEOS_DEPLOYMENT_TARGET = 16.4;
				MTL_ENABLE_DEBUG_INFO = NO;
				MTL_FAST_MATH = YES;
				SDKROOT = iphoneos;
				SWIFT_COMPILATION_MODE = wholemodule;
				SWIFT_OPTIMIZATION_LEVEL = "-O";
				VALIDATE_PRODUCT = YES;
			};
			name = Release;
		};
		D187C5B92A9349CA005C261A /* Debug */ = {
			isa = XCBuildConfiguration;
			buildSettings = {
				ASSETCATALOG_COMPILER_APPICON_NAME = AppIcon;
				ASSETCATALOG_COMPILER_GLOBAL_ACCENT_COLOR_NAME = AccentColor;
				CODE_SIGN_STYLE = Automatic;
				CURRENT_PROJECT_VERSION = 1;
				DEVELOPMENT_TEAM = X686YG6VXT;
				GENERATE_INFOPLIST_FILE = YES;
				INFOPLIST_FILE = LayoutPractice/Info.plist;
				INFOPLIST_KEY_UIApplicationSupportsIndirectInputEvents = YES;
				INFOPLIST_KEY_UILaunchStoryboardName = LaunchScreen;
				INFOPLIST_KEY_UIMainStoryboardFile = Main;
				INFOPLIST_KEY_UISupportedInterfaceOrientations_iPad = "UIInterfaceOrientationPortrait UIInterfaceOrientationPortraitUpsideDown UIInterfaceOrientationLandscapeLeft UIInterfaceOrientationLandscapeRight";
				INFOPLIST_KEY_UISupportedInterfaceOrientations_iPhone = "UIInterfaceOrientationPortrait UIInterfaceOrientationLandscapeLeft UIInterfaceOrientationLandscapeRight";
				LD_RUNPATH_SEARCH_PATHS = (
					"$(inherited)",
					"@executable_path/Frameworks",
				);
				MARKETING_VERSION = 1.0;
				PRODUCT_BUNDLE_IDENTIFIER = com.neenee.LayoutPractice;
				PRODUCT_NAME = "$(TARGET_NAME)";
				SWIFT_EMIT_LOC_STRINGS = YES;
				SWIFT_VERSION = 5.0;
				TARGETED_DEVICE_FAMILY = "1,2";
			};
			name = Debug;
		};
		D187C5BA2A9349CA005C261A /* Release */ = {
			isa = XCBuildConfiguration;
			buildSettings = {
				ASSETCATALOG_COMPILER_APPICON_NAME = AppIcon;
				ASSETCATALOG_COMPILER_GLOBAL_ACCENT_COLOR_NAME = AccentColor;
				CODE_SIGN_STYLE = Automatic;
				CURRENT_PROJECT_VERSION = 1;
				DEVELOPMENT_TEAM = X686YG6VXT;
				GENERATE_INFOPLIST_FILE = YES;
				INFOPLIST_FILE = LayoutPractice/Info.plist;
				INFOPLIST_KEY_UIApplicationSupportsIndirectInputEvents = YES;
				INFOPLIST_KEY_UILaunchStoryboardName = LaunchScreen;
				INFOPLIST_KEY_UIMainStoryboardFile = Main;
				INFOPLIST_KEY_UISupportedInterfaceOrientations_iPad = "UIInterfaceOrientationPortrait UIInterfaceOrientationPortraitUpsideDown UIInterfaceOrientationLandscapeLeft UIInterfaceOrientationLandscapeRight";
				INFOPLIST_KEY_UISupportedInterfaceOrientations_iPhone = "UIInterfaceOrientationPortrait UIInterfaceOrientationLandscapeLeft UIInterfaceOrientationLandscapeRight";
				LD_RUNPATH_SEARCH_PATHS = (
					"$(inherited)",
					"@executable_path/Frameworks",
				);
				MARKETING_VERSION = 1.0;
				PRODUCT_BUNDLE_IDENTIFIER = com.neenee.LayoutPractice;
				PRODUCT_NAME = "$(TARGET_NAME)";
				SWIFT_EMIT_LOC_STRINGS = YES;
				SWIFT_VERSION = 5.0;
				TARGETED_DEVICE_FAMILY = "1,2";
			};
			name = Release;
		};
/* End XCBuildConfiguration section */

/* Begin XCConfigurationList section */
		D187C59F2A9349CA005C261A /* Build configuration list for PBXProject "LayoutPractice" */ = {
			isa = XCConfigurationList;
			buildConfigurations = (
				D187C5B62A9349CA005C261A /* Debug */,
				D187C5B72A9349CA005C261A /* Release */,
			);
			defaultConfigurationIsVisible = 0;
			defaultConfigurationName = Release;
		};
		D187C5B82A9349CA005C261A /* Build configuration list for PBXNativeTarget "LayoutPractice" */ = {
			isa = XCConfigurationList;
			buildConfigurations = (
				D187C5B92A9349CA005C261A /* Debug */,
				D187C5BA2A9349CA005C261A /* Release */,
			);
			defaultConfigurationIsVisible = 0;
			defaultConfigurationName = Release;
		};
/* End XCConfigurationList section */
	};
	rootObject = D187C59C2A9349CA005C261A /* Project object */;
}
