// !$*UTF8*$!
{
	archiveVersion = 1;
	classes = {
	};
	objectVersion = 56;
	objects = {

/* Begin PBXBuildFile section */
		D1D95A4C2A80F59D009A6620 /* AppDelegate.swift in Sources */ = {isa = PBXBuildFile; fileRef = D1D95A4B2A80F59D009A6620 /* AppDelegate.swift */; };
		D1D95A4E2A80F59D009A6620 /* SceneDelegate.swift in Sources */ = {isa = PBXBuildFile; fileRef = D1D95A4D2A80F59D009A6620 /* SceneDelegate.swift */; };
		D1D95A502A80F59D009A6620 /* ViewController.swift in Sources */ = {isa = PBXBuildFile; fileRef = D1D95A4F2A80F59D009A6620 /* ViewController.swift */; };
		D1D95A532A80F59D009A6620 /* Main.storyboard in Resources */ = {isa = PBXBuildFile; fileRef = D1D95A512A80F59D009A6620 /* Main.storyboard */; };
		D1D95A552A80F59E009A6620 /* Assets.xcassets in Resources */ = {isa = PBXBuildFile; fileRef = D1D95A542A80F59E009A6620 /* Assets.xcassets */; };
		D1D95A582A80F59E009A6620 /* LaunchScreen.storyboard in Resources */ = {isa = PBXBuildFile; fileRef = D1D95A562A80F59E009A6620 /* LaunchScreen.storyboard */; };
		D1D95A612A80F689009A6620 /* Alamofire in Frameworks */ = {isa = PBXBuildFile; productRef = D1D95A602A80F689009A6620 /* Alamofire */; };
		D1D95A642A80F693009A6620 /* SwiftyJSON in Frameworks */ = {isa = PBXBuildFile; productRef = D1D95A632A80F693009A6620 /* SwiftyJSON */; };
/* End PBXBuildFile section */

/* Begin PBXFileReference section */
		D1D95A482A80F59D009A6620 /* LotteryProject.app */ = {isa = PBXFileReference; explicitFileType = wrapper.application; includeInIndex = 0; path = LotteryProject.app; sourceTree = BUILT_PRODUCTS_DIR; };
		D1D95A4B2A80F59D009A6620 /* AppDelegate.swift */ = {isa = PBXFileReference; lastKnownFileType = sourcecode.swift; path = AppDelegate.swift; sourceTree = "<group>"; };
		D1D95A4D2A80F59D009A6620 /* SceneDelegate.swift */ = {isa = PBXFileReference; lastKnownFileType = sourcecode.swift; path = SceneDelegate.swift; sourceTree = "<group>"; };
		D1D95A4F2A80F59D009A6620 /* ViewController.swift */ = {isa = PBXFileReference; lastKnownFileType = sourcecode.swift; path = ViewController.swift; sourceTree = "<group>"; };
		D1D95A522A80F59D009A6620 /* Base */ = {isa = PBXFileReference; lastKnownFileType = file.storyboard; name = Base; path = Base.lproj/Main.storyboard; sourceTree = "<group>"; };
		D1D95A542A80F59E009A6620 /* Assets.xcassets */ = {isa = PBXFileReference; lastKnownFileType = folder.assetcatalog; path = Assets.xcassets; sourceTree = "<group>"; };
		D1D95A572A80F59E009A6620 /* Base */ = {isa = PBXFileReference; lastKnownFileType = file.storyboard; name = Base; path = Base.lproj/LaunchScreen.storyboard; sourceTree = "<group>"; };
		D1D95A592A80F59E009A6620 /* Info.plist */ = {isa = PBXFileReference; lastKnownFileType = text.plist.xml; path = Info.plist; sourceTree = "<group>"; };
/* End PBXFileReference section */

/* Begin PBXFrameworksBuildPhase section */
		D1D95A452A80F59D009A6620 /* Frameworks */ = {
			isa = PBXFrameworksBuildPhase;
			buildActionMask = 2147483647;
			files = (
				D1D95A642A80F693009A6620 /* SwiftyJSON in Frameworks */,
				D1D95A612A80F689009A6620 /* Alamofire in Frameworks */,
			);
			runOnlyForDeploymentPostprocessing = 0;
		};
/* End PBXFrameworksBuildPhase section */

/* Begin PBXGroup section */
		D1D95A3F2A80F59D009A6620 = {
			isa = PBXGroup;
			children = (
				D1D95A4A2A80F59D009A6620 /* LotteryProject */,
				D1D95A492A80F59D009A6620 /* Products */,
			);
			sourceTree = "<group>";
		};
		D1D95A492A80F59D009A6620 /* Products */ = {
			isa = PBXGroup;
			children = (
				D1D95A482A80F59D009A6620 /* LotteryProject.app */,
			);
			name = Products;
			sourceTree = "<group>";
		};
		D1D95A4A2A80F59D009A6620 /* LotteryProject */ = {
			isa = PBXGroup;
			children = (
				D1D95A4B2A80F59D009A6620 /* AppDelegate.swift */,
				D1D95A4D2A80F59D009A6620 /* SceneDelegate.swift */,
				D1D95A4F2A80F59D009A6620 /* ViewController.swift */,
				D1D95A512A80F59D009A6620 /* Main.storyboard */,
				D1D95A542A80F59E009A6620 /* Assets.xcassets */,
				D1D95A562A80F59E009A6620 /* LaunchScreen.storyboard */,
				D1D95A592A80F59E009A6620 /* Info.plist */,
			);
			path = LotteryProject;
			sourceTree = "<group>";
		};
/* End PBXGroup section */

/* Begin PBXNativeTarget section */
		D1D95A472A80F59D009A6620 /* LotteryProject */ = {
			isa = PBXNativeTarget;
			buildConfigurationList = D1D95A5C2A80F59E009A6620 /* Build configuration list for PBXNativeTarget "LotteryProject" */;
			buildPhases = (
				D1D95A442A80F59D009A6620 /* Sources */,
				D1D95A452A80F59D009A6620 /* Frameworks */,
				D1D95A462A80F59D009A6620 /* Resources */,
			);
			buildRules = (
			);
			dependencies = (
			);
			name = LotteryProject;
			packageProductDependencies = (
				D1D95A602A80F689009A6620 /* Alamofire */,
				D1D95A632A80F693009A6620 /* SwiftyJSON */,
			);
			productName = LotteryProject;
			productReference = D1D95A482A80F59D009A6620 /* LotteryProject.app */;
			productType = "com.apple.product-type.application";
		};
/* End PBXNativeTarget section */

/* Begin PBXProject section */
		D1D95A402A80F59D009A6620 /* Project object */ = {
			isa = PBXProject;
			attributes = {
				BuildIndependentTargetsInParallel = 1;
				LastSwiftUpdateCheck = 1430;
				LastUpgradeCheck = 1430;
				TargetAttributes = {
					D1D95A472A80F59D009A6620 = {
						CreatedOnToolsVersion = 14.3.1;
					};
				};
			};
			buildConfigurationList = D1D95A432A80F59D009A6620 /* Build configuration list for PBXProject "LotteryProject" */;
			compatibilityVersion = "Xcode 14.0";
			developmentRegion = en;
			hasScannedForEncodings = 0;
			knownRegions = (
				en,
				Base,
			);
			mainGroup = D1D95A3F2A80F59D009A6620;
			packageReferences = (
				D1D95A5F2A80F689009A6620 /* XCRemoteSwiftPackageReference "Alamofire" */,
				D1D95A622A80F693009A6620 /* XCRemoteSwiftPackageReference "SwiftyJSON" */,
			);
			productRefGroup = D1D95A492A80F59D009A6620 /* Products */;
			projectDirPath = "";
			projectRoot = "";
			targets = (
				D1D95A472A80F59D009A6620 /* LotteryProject */,
			);
		};
/* End PBXProject section */

/* Begin PBXResourcesBuildPhase section */
		D1D95A462A80F59D009A6620 /* Resources */ = {
			isa = PBXResourcesBuildPhase;
			buildActionMask = 2147483647;
			files = (
				D1D95A582A80F59E009A6620 /* LaunchScreen.storyboard in Resources */,
				D1D95A552A80F59E009A6620 /* Assets.xcassets in Resources */,
				D1D95A532A80F59D009A6620 /* Main.storyboard in Resources */,
			);
			runOnlyForDeploymentPostprocessing = 0;
		};
/* End PBXResourcesBuildPhase section */

/* Begin PBXSourcesBuildPhase section */
		D1D95A442A80F59D009A6620 /* Sources */ = {
			isa = PBXSourcesBuildPhase;
			buildActionMask = 2147483647;
			files = (
				D1D95A502A80F59D009A6620 /* ViewController.swift in Sources */,
				D1D95A4C2A80F59D009A6620 /* AppDelegate.swift in Sources */,
				D1D95A4E2A80F59D009A6620 /* SceneDelegate.swift in Sources */,
			);
			runOnlyForDeploymentPostprocessing = 0;
		};
/* End PBXSourcesBuildPhase section */

/* Begin PBXVariantGroup section */
		D1D95A512A80F59D009A6620 /* Main.storyboard */ = {
			isa = PBXVariantGroup;
			children = (
				D1D95A522A80F59D009A6620 /* Base */,
			);
			name = Main.storyboard;
			sourceTree = "<group>";
		};
		D1D95A562A80F59E009A6620 /* LaunchScreen.storyboard */ = {
			isa = PBXVariantGroup;
			children = (
				D1D95A572A80F59E009A6620 /* Base */,
			);
			name = LaunchScreen.storyboard;
			sourceTree = "<group>";
		};
/* End PBXVariantGroup section */

/* Begin XCBuildConfiguration section */
		D1D95A5A2A80F59E009A6620 /* Debug */ = {
			isa = XCBuildConfiguration;
			buildSettings = {
				ALWAYS_SEARCH_USER_PATHS = NO;
				CLANG_ANALYZER_NONNULL = YES;
				CLANG_ANALYZER_NUMBER_OBJECT_CONVERSION = YES_AGGRESSIVE;
				CLANG_CXX_LANGUAGE_STANDARD = "gnu++20";
				CLANG_ENABLE_MODULES = YES;
				CLANG_ENABLE_OBJC_ARC = YES;
				CLANG_ENABLE_OBJC_WEAK = YES;
				CLANG_WARN_BLOCK_CAPTURE_AUTORELEASING = YES;
				CLANG_WARN_BOOL_CONVERSION = YES;
				CLANG_WARN_COMMA = YES;
				CLANG_WARN_CONSTANT_CONVERSION = YES;
				CLANG_WARN_DEPRECATED_OBJC_IMPLEMENTATIONS = YES;
				CLANG_WARN_DIRECT_OBJC_ISA_USAGE = YES_ERROR;
				CLANG_WARN_DOCUMENTATION_COMMENTS = YES;
				CLANG_WARN_EMPTY_BODY = YES;
				CLANG_WARN_ENUM_CONVERSION = YES;
				CLANG_WARN_INFINITE_RECURSION = YES;
				CLANG_WARN_INT_CONVERSION = YES;
				CLANG_WARN_NON_LITERAL_NULL_CONVERSION = YES;
				CLANG_WARN_OBJC_IMPLICIT_RETAIN_SELF = YES;
				CLANG_WARN_OBJC_LITERAL_CONVERSION = YES;
				CLANG_WARN_OBJC_ROOT_CLASS = YES_ERROR;
				CLANG_WARN_QUOTED_INCLUDE_IN_FRAMEWORK_HEADER = YES;
				CLANG_WARN_RANGE_LOOP_ANALYSIS = YES;
				CLANG_WARN_STRICT_PROTOTYPES = YES;
				CLANG_WARN_SUSPICIOUS_MOVE = YES;
				CLANG_WARN_UNGUARDED_AVAILABILITY = YES_AGGRESSIVE;
				CLANG_WARN_UNREACHABLE_CODE = YES;
				CLANG_WARN__DUPLICATE_METHOD_MATCH = YES;
				COPY_PHASE_STRIP = NO;
				DEBUG_INFORMATION_FORMAT = dwarf;
				ENABLE_STRICT_OBJC_MSGSEND = YES;
				ENABLE_TESTABILITY = YES;
				GCC_C_LANGUAGE_STANDARD = gnu11;
				GCC_DYNAMIC_NO_PIC = NO;
				GCC_NO_COMMON_BLOCKS = YES;
				GCC_OPTIMIZATION_LEVEL = 0;
				GCC_PREPROCESSOR_DEFINITIONS = (
					"DEBUG=1",
					"$(inherited)",
				);
				GCC_WARN_64_TO_32_BIT_CONVERSION = YES;
				GCC_WARN_ABOUT_RETURN_TYPE = YES_ERROR;
				GCC_WARN_UNDECLARED_SELECTOR = YES;
				GCC_WARN_UNINITIALIZED_AUTOS = YES_AGGRESSIVE;
				GCC_WARN_UNUSED_FUNCTION = YES;
				GCC_WARN_UNUSED_VARIABLE = YES;
				IPHONEOS_DEPLOYMENT_TARGET = 16.4;
				MTL_ENABLE_DEBUG_INFO = INCLUDE_SOURCE;
				MTL_FAST_MATH = YES;
				ONLY_ACTIVE_ARCH = YES;
				SDKROOT = iphoneos;
				SWIFT_ACTIVE_COMPILATION_CONDITIONS = DEBUG;
				SWIFT_OPTIMIZATION_LEVEL = "-Onone";
			};
			name = Debug;
		};
		D1D95A5B2A80F59E009A6620 /* Release */ = {
			isa = XCBuildConfiguration;
			buildSettings = {
				ALWAYS_SEARCH_USER_PATHS = NO;
				CLANG_ANALYZER_NONNULL = YES;
				CLANG_ANALYZER_NUMBER_OBJECT_CONVERSION = YES_AGGRESSIVE;
				CLANG_CXX_LANGUAGE_STANDARD = "gnu++20";
				CLANG_ENABLE_MODULES = YES;
				CLANG_ENABLE_OBJC_ARC = YES;
				CLANG_ENABLE_OBJC_WEAK = YES;
				CLANG_WARN_BLOCK_CAPTURE_AUTORELEASING = YES;
				CLANG_WARN_BOOL_CONVERSION = YES;
				CLANG_WARN_COMMA = YES;
				CLANG_WARN_CONSTANT_CONVERSION = YES;
				CLANG_WARN_DEPRECATED_OBJC_IMPLEMENTATIONS = YES;
				CLANG_WARN_DIRECT_OBJC_ISA_USAGE = YES_ERROR;
				CLANG_WARN_DOCUMENTATION_COMMENTS = YES;
				CLANG_WARN_EMPTY_BODY = YES;
				CLANG_WARN_ENUM_CONVERSION = YES;
				CLANG_WARN_INFINITE_RECURSION = YES;
				CLANG_WARN_INT_CONVERSION = YES;
				CLANG_WARN_NON_LITERAL_NULL_CONVERSION = YES;
				CLANG_WARN_OBJC_IMPLICIT_RETAIN_SELF = YES;
				CLANG_WARN_OBJC_LITERAL_CONVERSION = YES;
				CLANG_WARN_OBJC_ROOT_CLASS = YES_ERROR;
				CLANG_WARN_QUOTED_INCLUDE_IN_FRAMEWORK_HEADER = YES;
				CLANG_WARN_RANGE_LOOP_ANALYSIS = YES;
				CLANG_WARN_STRICT_PROTOTYPES = YES;
				CLANG_WARN_SUSPICIOUS_MOVE = YES;
				CLANG_WARN_UNGUARDED_AVAILABILITY = YES_AGGRESSIVE;
				CLANG_WARN_UNREACHABLE_CODE = YES;
				CLANG_WARN__DUPLICATE_METHOD_MATCH = YES;
				COPY_PHASE_STRIP = NO;
				DEBUG_INFORMATION_FORMAT = "dwarf-with-dsym";
				ENABLE_NS_ASSERTIONS = NO;
				ENABLE_STRICT_OBJC_MSGSEND = YES;
				GCC_C_LANGUAGE_STANDARD = gnu11;
				GCC_NO_COMMON_BLOCKS = YES;
				GCC_WARN_64_TO_32_BIT_CONVERSION = YES;
				GCC_WARN_ABOUT_RETURN_TYPE = YES_ERROR;
				GCC_WARN_UNDECLARED_SELECTOR = YES;
				GCC_WARN_UNINITIALIZED_AUTOS = YES_AGGRESSIVE;
				GCC_WARN_UNUSED_FUNCTION = YES;
				GCC_WARN_UNUSED_VARIABLE = YES;
				IPHONEOS_DEPLOYMENT_TARGET = 16.4;
				MTL_ENABLE_DEBUG_INFO = NO;
				MTL_FAST_MATH = YES;
				SDKROOT = iphoneos;
				SWIFT_COMPILATION_MODE = wholemodule;
				SWIFT_OPTIMIZATION_LEVEL = "-O";
				VALIDATE_PRODUCT = YES;
			};
			name = Release;
		};
		D1D95A5D2A80F59E009A6620 /* Debug */ = {
			isa = XCBuildConfiguration;
			buildSettings = {
				ASSETCATALOG_COMPILER_APPICON_NAME = AppIcon;
				ASSETCATALOG_COMPILER_GLOBAL_ACCENT_COLOR_NAME = AccentColor;
				CODE_SIGN_STYLE = Automatic;
				CURRENT_PROJECT_VERSION = 1;
				DEVELOPMENT_TEAM = X686YG6VXT;
				GENERATE_INFOPLIST_FILE = YES;
				INFOPLIST_FILE = LotteryProject/Info.plist;
				INFOPLIST_KEY_UIApplicationSupportsIndirectInputEvents = YES;
				INFOPLIST_KEY_UILaunchStoryboardName = LaunchScreen;
				INFOPLIST_KEY_UIMainStoryboardFile = Main;
				INFOPLIST_KEY_UISupportedInterfaceOrientations_iPad = "UIInterfaceOrientationPortrait UIInterfaceOrientationPortraitUpsideDown UIInterfaceOrientationLandscapeLeft UIInterfaceOrientationLandscapeRight";
				INFOPLIST_KEY_UISupportedInterfaceOrientations_iPhone = "UIInterfaceOrientationPortrait UIInterfaceOrientationLandscapeLeft UIInterfaceOrientationLandscapeRight";
				LD_RUNPATH_SEARCH_PATHS = (
					"$(inherited)",
					"@executable_path/Frameworks",
				);
				MARKETING_VERSION = 1.0;
				PRODUCT_BUNDLE_IDENTIFIER = com.neenee.LotteryProject;
				PRODUCT_NAME = "$(TARGET_NAME)";
				SWIFT_EMIT_LOC_STRINGS = YES;
				SWIFT_VERSION = 5.0;
				TARGETED_DEVICE_FAMILY = "1,2";
			};
			name = Debug;
		};
		D1D95A5E2A80F59E009A6620 /* Release */ = {
			isa = XCBuildConfiguration;
			buildSettings = {
				ASSETCATALOG_COMPILER_APPICON_NAME = AppIcon;
				ASSETCATALOG_COMPILER_GLOBAL_ACCENT_COLOR_NAME = AccentColor;
				CODE_SIGN_STYLE = Automatic;
				CURRENT_PROJECT_VERSION = 1;
				DEVELOPMENT_TEAM = X686YG6VXT;
				GENERATE_INFOPLIST_FILE = YES;
				INFOPLIST_FILE = LotteryProject/Info.plist;
				INFOPLIST_KEY_UIApplicationSupportsIndirectInputEvents = YES;
				INFOPLIST_KEY_UILaunchStoryboardName = LaunchScreen;
				INFOPLIST_KEY_UIMainStoryboardFile = Main;
				INFOPLIST_KEY_UISupportedInterfaceOrientations_iPad = "UIInterfaceOrientationPortrait UIInterfaceOrientationPortraitUpsideDown UIInterfaceOrientationLandscapeLeft UIInterfaceOrientationLandscapeRight";
				INFOPLIST_KEY_UISupportedInterfaceOrientations_iPhone = "UIInterfaceOrientationPortrait UIInterfaceOrientationLandscapeLeft UIInterfaceOrientationLandscapeRight";
				LD_RUNPATH_SEARCH_PATHS = (
					"$(inherited)",
					"@executable_path/Frameworks",
				);
				MARKETING_VERSION = 1.0;
				PRODUCT_BUNDLE_IDENTIFIER = com.neenee.LotteryProject;
				PRODUCT_NAME = "$(TARGET_NAME)";
				SWIFT_EMIT_LOC_STRINGS = YES;
				SWIFT_VERSION = 5.0;
				TARGETED_DEVICE_FAMILY = "1,2";
			};
			name = Release;
		};
/* End XCBuildConfiguration section */

/* Begin XCConfigurationList section */
		D1D95A432A80F59D009A6620 /* Build configuration list for PBXProject "LotteryProject" */ = {
			isa = XCConfigurationList;
			buildConfigurations = (
				D1D95A5A2A80F59E009A6620 /* Debug */,
				D1D95A5B2A80F59E009A6620 /* Release */,
			);
			defaultConfigurationIsVisible = 0;
			defaultConfigurationName = Release;
		};
		D1D95A5C2A80F59E009A6620 /* Build configuration list for PBXNativeTarget "LotteryProject" */ = {
			isa = XCConfigurationList;
			buildConfigurations = (
				D1D95A5D2A80F59E009A6620 /* Debug */,
				D1D95A5E2A80F59E009A6620 /* Release */,
			);
			defaultConfigurationIsVisible = 0;
			defaultConfigurationName = Release;
		};
/* End XCConfigurationList section */

/* Begin XCRemoteSwiftPackageReference section */
		D1D95A5F2A80F689009A6620 /* XCRemoteSwiftPackageReference "Alamofire" */ = {
			isa = XCRemoteSwiftPackageReference;
			repositoryURL = "https://github.com/Alamofire/Alamofire";
			requirement = {
				kind = upToNextMajorVersion;
				minimumVersion = 5.0.0;
			};
		};
		D1D95A622A80F693009A6620 /* XCRemoteSwiftPackageReference "SwiftyJSON" */ = {
			isa = XCRemoteSwiftPackageReference;
			repositoryURL = "https://github.com/SwiftyJSON/SwiftyJSON";
			requirement = {
				kind = upToNextMajorVersion;
				minimumVersion = 5.0.0;
			};
		};
/* End XCRemoteSwiftPackageReference section */

/* Begin XCSwiftPackageProductDependency section */
		D1D95A602A80F689009A6620 /* Alamofire */ = {
			isa = XCSwiftPackageProductDependency;
			package = D1D95A5F2A80F689009A6620 /* XCRemoteSwiftPackageReference "Alamofire" */;
			productName = Alamofire;
		};
		D1D95A632A80F693009A6620 /* SwiftyJSON */ = {
			isa = XCSwiftPackageProductDependency;
			package = D1D95A622A80F693009A6620 /* XCRemoteSwiftPackageReference "SwiftyJSON" */;
			productName = SwiftyJSON;
		};
/* End XCSwiftPackageProductDependency section */
	};
	rootObject = D1D95A402A80F59D009A6620 /* Project object */;
}
