// !$*UTF8*$!
{
	archiveVersion = 1;
	classes = {
	};
	objectVersion = 56;
	objects = {

/* Begin PBXBuildFile section */
		D19AF88F2AB1DDA200B7ED11 /* AppDelegate.swift in Sources */ = {isa = PBXBuildFile; fileRef = D19AF88E2AB1DDA200B7ED11 /* AppDelegate.swift */; };
		D19AF8912AB1DDA200B7ED11 /* SceneDelegate.swift in Sources */ = {isa = PBXBuildFile; fileRef = D19AF8902AB1DDA200B7ED11 /* SceneDelegate.swift */; };
		D19AF8932AB1DDA200B7ED11 /* LoginViewController.swift in Sources */ = {isa = PBXBuildFile; fileRef = D19AF8922AB1DDA200B7ED11 /* LoginViewController.swift */; };
		D19AF8982AB1DDA200B7ED11 /* Assets.xcassets in Resources */ = {isa = PBXBuildFile; fileRef = D19AF8972AB1DDA200B7ED11 /* Assets.xcassets */; };
		D19AF89B2AB1DDA200B7ED11 /* LaunchScreen.storyboard in Resources */ = {isa = PBXBuildFile; fileRef = D19AF8992AB1DDA200B7ED11 /* LaunchScreen.storyboard */; };
		D19AF8A42AB1DE4500B7ED11 /* TextFieldBuilder.swift in Sources */ = {isa = PBXBuildFile; fileRef = D19AF8A32AB1DE4500B7ED11 /* TextFieldBuilder.swift */; };
		D19AF8A82AB1DEA100B7ED11 /* ButtonBuilder.swift in Sources */ = {isa = PBXBuildFile; fileRef = D19AF8A72AB1DEA100B7ED11 /* ButtonBuilder.swift */; };
		D19AF8AA2AB1E0AF00B7ED11 /* LabelBuilder.swift in Sources */ = {isa = PBXBuildFile; fileRef = D19AF8A92AB1E0AF00B7ED11 /* LabelBuilder.swift */; };
		D19AF8AC2AB1ED3500B7ED11 /* LottoViewController.swift in Sources */ = {isa = PBXBuildFile; fileRef = D19AF8AB2AB1ED3500B7ED11 /* LottoViewController.swift */; };
		D19AF8AF2AB1EDE800B7ED11 /* ViewBuilder.swift in Sources */ = {isa = PBXBuildFile; fileRef = D19AF8AE2AB1EDE800B7ED11 /* ViewBuilder.swift */; };
		D19AF8B22AB1EE5500B7ED11 /* SnapKit in Frameworks */ = {isa = PBXBuildFile; productRef = D19AF8B12AB1EE5500B7ED11 /* SnapKit */; };
		D19AF8B42AB1F16000B7ED11 /* LottoView.swift in Sources */ = {isa = PBXBuildFile; fileRef = D19AF8B32AB1F16000B7ED11 /* LottoView.swift */; };
		D19AF8B82AB212BF00B7ED11 /* Lotto.swift in Sources */ = {isa = PBXBuildFile; fileRef = D19AF8B72AB212BF00B7ED11 /* Lotto.swift */; };
		D19AF8BA2AB2144500B7ED11 /* Observable.swift in Sources */ = {isa = PBXBuildFile; fileRef = D19AF8B92AB2144500B7ED11 /* Observable.swift */; };
		D19AF8BC2AB214D400B7ED11 /* LottoViewModel.swift in Sources */ = {isa = PBXBuildFile; fileRef = D19AF8BB2AB214D400B7ED11 /* LottoViewModel.swift */; };
/* End PBXBuildFile section */

/* Begin PBXFileReference section */
		D19AF88B2AB1DDA200B7ED11 /* MVVMPractice.app */ = {isa = PBXFileReference; explicitFileType = wrapper.application; includeInIndex = 0; path = MVVMPractice.app; sourceTree = BUILT_PRODUCTS_DIR; };
		D19AF88E2AB1DDA200B7ED11 /* AppDelegate.swift */ = {isa = PBXFileReference; lastKnownFileType = sourcecode.swift; path = AppDelegate.swift; sourceTree = "<group>"; };
		D19AF8902AB1DDA200B7ED11 /* SceneDelegate.swift */ = {isa = PBXFileReference; lastKnownFileType = sourcecode.swift; path = SceneDelegate.swift; sourceTree = "<group>"; };
		D19AF8922AB1DDA200B7ED11 /* LoginViewController.swift */ = {isa = PBXFileReference; lastKnownFileType = sourcecode.swift; path = LoginViewController.swift; sourceTree = "<group>"; };
		D19AF8972AB1DDA200B7ED11 /* Assets.xcassets */ = {isa = PBXFileReference; lastKnownFileType = folder.assetcatalog; path = Assets.xcassets; sourceTree = "<group>"; };
		D19AF89A2AB1DDA200B7ED11 /* Base */ = {isa = PBXFileReference; lastKnownFileType = file.storyboard; name = Base; path = Base.lproj/LaunchScreen.storyboard; sourceTree = "<group>"; };
		D19AF89C2AB1DDA200B7ED11 /* Info.plist */ = {isa = PBXFileReference; lastKnownFileType = text.plist.xml; path = Info.plist; sourceTree = "<group>"; };
		D19AF8A32AB1DE4500B7ED11 /* TextFieldBuilder.swift */ = {isa = PBXFileReference; lastKnownFileType = sourcecode.swift; path = TextFieldBuilder.swift; sourceTree = "<group>"; };
		D19AF8A72AB1DEA100B7ED11 /* ButtonBuilder.swift */ = {isa = PBXFileReference; lastKnownFileType = sourcecode.swift; path = ButtonBuilder.swift; sourceTree = "<group>"; };
		D19AF8A92AB1E0AF00B7ED11 /* LabelBuilder.swift */ = {isa = PBXFileReference; lastKnownFileType = sourcecode.swift; path = LabelBuilder.swift; sourceTree = "<group>"; };
		D19AF8AB2AB1ED3500B7ED11 /* LottoViewController.swift */ = {isa = PBXFileReference; lastKnownFileType = sourcecode.swift; path = LottoViewController.swift; sourceTree = "<group>"; };
		D19AF8AE2AB1EDE800B7ED11 /* ViewBuilder.swift */ = {isa = PBXFileReference; lastKnownFileType = sourcecode.swift; path = ViewBuilder.swift; sourceTree = "<group>"; };
		D19AF8B32AB1F16000B7ED11 /* LottoView.swift */ = {isa = PBXFileReference; lastKnownFileType = sourcecode.swift; path = LottoView.swift; sourceTree = "<group>"; };
		D19AF8B72AB212BF00B7ED11 /* Lotto.swift */ = {isa = PBXFileReference; lastKnownFileType = sourcecode.swift; path = Lotto.swift; sourceTree = "<group>"; };
		D19AF8B92AB2144500B7ED11 /* Observable.swift */ = {isa = PBXFileReference; lastKnownFileType = sourcecode.swift; path = Observable.swift; sourceTree = "<group>"; };
		D19AF8BB2AB214D400B7ED11 /* LottoViewModel.swift */ = {isa = PBXFileReference; lastKnownFileType = sourcecode.swift; path = LottoViewModel.swift; sourceTree = "<group>"; };
/* End PBXFileReference section */

/* Begin PBXFrameworksBuildPhase section */
		D19AF8882AB1DDA200B7ED11 /* Frameworks */ = {
			isa = PBXFrameworksBuildPhase;
			buildActionMask = 2147483647;
			files = (
				D19AF8B22AB1EE5500B7ED11 /* SnapKit in Frameworks */,
			);
			runOnlyForDeploymentPostprocessing = 0;
		};
/* End PBXFrameworksBuildPhase section */

/* Begin PBXGroup section */
		D19AF8822AB1DDA200B7ED11 = {
			isa = PBXGroup;
			children = (
				D19AF88D2AB1DDA200B7ED11 /* MVVMPractice */,
				D19AF88C2AB1DDA200B7ED11 /* Products */,
			);
			sourceTree = "<group>";
		};
		D19AF88C2AB1DDA200B7ED11 /* Products */ = {
			isa = PBXGroup;
			children = (
				D19AF88B2AB1DDA200B7ED11 /* MVVMPractice.app */,
			);
			name = Products;
			sourceTree = "<group>";
		};
		D19AF88D2AB1DDA200B7ED11 /* MVVMPractice */ = {
			isa = PBXGroup;
			children = (
				D19AF88E2AB1DDA200B7ED11 /* AppDelegate.swift */,
				D19AF8902AB1DDA200B7ED11 /* SceneDelegate.swift */,
				D19AF8922AB1DDA200B7ED11 /* LoginViewController.swift */,
				D19AF8AD2AB1ED8300B7ED11 /* Lotto */,
				D19AF8A22AB1DE3700B7ED11 /* Model */,
				D19AF8972AB1DDA200B7ED11 /* Assets.xcassets */,
				D19AF8992AB1DDA200B7ED11 /* LaunchScreen.storyboard */,
				D19AF89C2AB1DDA200B7ED11 /* Info.plist */,
			);
			path = MVVMPractice;
			sourceTree = "<group>";
		};
		D19AF8A22AB1DE3700B7ED11 /* Model */ = {
			isa = PBXGroup;
			children = (
				D19AF8B52AB212AD00B7ED11 /* Data */,
				D19AF8B62AB212B200B7ED11 /* Builder */,
			);
			path = Model;
			sourceTree = "<group>";
		};
		D19AF8AD2AB1ED8300B7ED11 /* Lotto */ = {
			isa = PBXGroup;
			children = (
				D19AF8AB2AB1ED3500B7ED11 /* LottoViewController.swift */,
				D19AF8B32AB1F16000B7ED11 /* LottoView.swift */,
				D19AF8BB2AB214D400B7ED11 /* LottoViewModel.swift */,
				D19AF8B92AB2144500B7ED11 /* Observable.swift */,
			);
			path = Lotto;
			sourceTree = "<group>";
		};
		D19AF8B52AB212AD00B7ED11 /* Data */ = {
			isa = PBXGroup;
			children = (
				D19AF8B72AB212BF00B7ED11 /* Lotto.swift */,
			);
			path = Data;
			sourceTree = "<group>";
		};
		D19AF8B62AB212B200B7ED11 /* Builder */ = {
			isa = PBXGroup;
			children = (
				D19AF8A32AB1DE4500B7ED11 /* TextFieldBuilder.swift */,
				D19AF8A72AB1DEA100B7ED11 /* ButtonBuilder.swift */,
				D19AF8A92AB1E0AF00B7ED11 /* LabelBuilder.swift */,
				D19AF8AE2AB1EDE800B7ED11 /* ViewBuilder.swift */,
			);
			path = Builder;
			sourceTree = "<group>";
		};
/* End PBXGroup section */

/* Begin PBXNativeTarget section */
		D19AF88A2AB1DDA200B7ED11 /* MVVMPractice */ = {
			isa = PBXNativeTarget;
			buildConfigurationList = D19AF89F2AB1DDA200B7ED11 /* Build configuration list for PBXNativeTarget "MVVMPractice" */;
			buildPhases = (
				D19AF8872AB1DDA200B7ED11 /* Sources */,
				D19AF8882AB1DDA200B7ED11 /* Frameworks */,
				D19AF8892AB1DDA200B7ED11 /* Resources */,
			);
			buildRules = (
			);
			dependencies = (
			);
			name = MVVMPractice;
			packageProductDependencies = (
				D19AF8B12AB1EE5500B7ED11 /* SnapKit */,
			);
			productName = MVVMPractice;
			productReference = D19AF88B2AB1DDA200B7ED11 /* MVVMPractice.app */;
			productType = "com.apple.product-type.application";
		};
/* End PBXNativeTarget section */

/* Begin PBXProject section */
		D19AF8832AB1DDA200B7ED11 /* Project object */ = {
			isa = PBXProject;
			attributes = {
				BuildIndependentTargetsInParallel = 1;
				LastSwiftUpdateCheck = 1430;
				LastUpgradeCheck = 1430;
				TargetAttributes = {
					D19AF88A2AB1DDA200B7ED11 = {
						CreatedOnToolsVersion = 14.3.1;
					};
				};
			};
			buildConfigurationList = D19AF8862AB1DDA200B7ED11 /* Build configuration list for PBXProject "MVVMPractice" */;
			compatibilityVersion = "Xcode 14.0";
			developmentRegion = en;
			hasScannedForEncodings = 0;
			knownRegions = (
				en,
				Base,
			);
			mainGroup = D19AF8822AB1DDA200B7ED11;
			packageReferences = (
				D19AF8B02AB1EE5500B7ED11 /* XCRemoteSwiftPackageReference "SnapKit" */,
			);
			productRefGroup = D19AF88C2AB1DDA200B7ED11 /* Products */;
			projectDirPath = "";
			projectRoot = "";
			targets = (
				D19AF88A2AB1DDA200B7ED11 /* MVVMPractice */,
			);
		};
/* End PBXProject section */

/* Begin PBXResourcesBuildPhase section */
		D19AF8892AB1DDA200B7ED11 /* Resources */ = {
			isa = PBXResourcesBuildPhase;
			buildActionMask = 2147483647;
			files = (
				D19AF89B2AB1DDA200B7ED11 /* LaunchScreen.storyboard in Resources */,
				D19AF8982AB1DDA200B7ED11 /* Assets.xcassets in Resources */,
			);
			runOnlyForDeploymentPostprocessing = 0;
		};
/* End PBXResourcesBuildPhase section */

/* Begin PBXSourcesBuildPhase section */
		D19AF8872AB1DDA200B7ED11 /* Sources */ = {
			isa = PBXSourcesBuildPhase;
			buildActionMask = 2147483647;
			files = (
				D19AF8BA2AB2144500B7ED11 /* Observable.swift in Sources */,
				D19AF8932AB1DDA200B7ED11 /* LoginViewController.swift in Sources */,
				D19AF8A42AB1DE4500B7ED11 /* TextFieldBuilder.swift in Sources */,
				D19AF8A82AB1DEA100B7ED11 /* ButtonBuilder.swift in Sources */,
				D19AF8AC2AB1ED3500B7ED11 /* LottoViewController.swift in Sources */,
				D19AF8BC2AB214D400B7ED11 /* LottoViewModel.swift in Sources */,
				D19AF88F2AB1DDA200B7ED11 /* AppDelegate.swift in Sources */,
				D19AF8B42AB1F16000B7ED11 /* LottoView.swift in Sources */,
				D19AF8B82AB212BF00B7ED11 /* Lotto.swift in Sources */,
				D19AF8AA2AB1E0AF00B7ED11 /* LabelBuilder.swift in Sources */,
				D19AF8AF2AB1EDE800B7ED11 /* ViewBuilder.swift in Sources */,
				D19AF8912AB1DDA200B7ED11 /* SceneDelegate.swift in Sources */,
			);
			runOnlyForDeploymentPostprocessing = 0;
		};
/* End PBXSourcesBuildPhase section */

/* Begin PBXVariantGroup section */
		D19AF8992AB1DDA200B7ED11 /* LaunchScreen.storyboard */ = {
			isa = PBXVariantGroup;
			children = (
				D19AF89A2AB1DDA200B7ED11 /* Base */,
			);
			name = LaunchScreen.storyboard;
			sourceTree = "<group>";
		};
/* End PBXVariantGroup section */

/* Begin XCBuildConfiguration section */
		D19AF89D2AB1DDA200B7ED11 /* Debug */ = {
			isa = XCBuildConfiguration;
			buildSettings = {
				ALWAYS_SEARCH_USER_PATHS = NO;
				CLANG_ANALYZER_NONNULL = YES;
				CLANG_ANALYZER_NUMBER_OBJECT_CONVERSION = YES_AGGRESSIVE;
				CLANG_CXX_LANGUAGE_STANDARD = "gnu++20";
				CLANG_ENABLE_MODULES = YES;
				CLANG_ENABLE_OBJC_ARC = YES;
				CLANG_ENABLE_OBJC_WEAK = YES;
				CLANG_WARN_BLOCK_CAPTURE_AUTORELEASING = YES;
				CLANG_WARN_BOOL_CONVERSION = YES;
				CLANG_WARN_COMMA = YES;
				CLANG_WARN_CONSTANT_CONVERSION = YES;
				CLANG_WARN_DEPRECATED_OBJC_IMPLEMENTATIONS = YES;
				CLANG_WARN_DIRECT_OBJC_ISA_USAGE = YES_ERROR;
				CLANG_WARN_DOCUMENTATION_COMMENTS = YES;
				CLANG_WARN_EMPTY_BODY = YES;
				CLANG_WARN_ENUM_CONVERSION = YES;
				CLANG_WARN_INFINITE_RECURSION = YES;
				CLANG_WARN_INT_CONVERSION = YES;
				CLANG_WARN_NON_LITERAL_NULL_CONVERSION = YES;
				CLANG_WARN_OBJC_IMPLICIT_RETAIN_SELF = YES;
				CLANG_WARN_OBJC_LITERAL_CONVERSION = YES;
				CLANG_WARN_OBJC_ROOT_CLASS = YES_ERROR;
				CLANG_WARN_QUOTED_INCLUDE_IN_FRAMEWORK_HEADER = YES;
				CLANG_WARN_RANGE_LOOP_ANALYSIS = YES;
				CLANG_WARN_STRICT_PROTOTYPES = YES;
				CLANG_WARN_SUSPICIOUS_MOVE = YES;
				CLANG_WARN_UNGUARDED_AVAILABILITY = YES_AGGRESSIVE;
				CLANG_WARN_UNREACHABLE_CODE = YES;
				CLANG_WARN__DUPLICATE_METHOD_MATCH = YES;
				COPY_PHASE_STRIP = NO;
				DEBUG_INFORMATION_FORMAT = dwarf;
				ENABLE_STRICT_OBJC_MSGSEND = YES;
				ENABLE_TESTABILITY = YES;
				GCC_C_LANGUAGE_STANDARD = gnu11;
				GCC_DYNAMIC_NO_PIC = NO;
				GCC_NO_COMMON_BLOCKS = YES;
				GCC_OPTIMIZATION_LEVEL = 0;
				GCC_PREPROCESSOR_DEFINITIONS = (
					"DEBUG=1",
					"$(inherited)",
				);
				GCC_WARN_64_TO_32_BIT_CONVERSION = YES;
				GCC_WARN_ABOUT_RETURN_TYPE = YES_ERROR;
				GCC_WARN_UNDECLARED_SELECTOR = YES;
				GCC_WARN_UNINITIALIZED_AUTOS = YES_AGGRESSIVE;
				GCC_WARN_UNUSED_FUNCTION = YES;
				GCC_WARN_UNUSED_VARIABLE = YES;
				IPHONEOS_DEPLOYMENT_TARGET = 16.4;
				MTL_ENABLE_DEBUG_INFO = INCLUDE_SOURCE;
				MTL_FAST_MATH = YES;
				ONLY_ACTIVE_ARCH = YES;
				SDKROOT = iphoneos;
				SWIFT_ACTIVE_COMPILATION_CONDITIONS = DEBUG;
				SWIFT_OPTIMIZATION_LEVEL = "-Onone";
			};
			name = Debug;
		};
		D19AF89E2AB1DDA200B7ED11 /* Release */ = {
			isa = XCBuildConfiguration;
			buildSettings = {
				ALWAYS_SEARCH_USER_PATHS = NO;
				CLANG_ANALYZER_NONNULL = YES;
				CLANG_ANALYZER_NUMBER_OBJECT_CONVERSION = YES_AGGRESSIVE;
				CLANG_CXX_LANGUAGE_STANDARD = "gnu++20";
				CLANG_ENABLE_MODULES = YES;
				CLANG_ENABLE_OBJC_ARC = YES;
				CLANG_ENABLE_OBJC_WEAK = YES;
				CLANG_WARN_BLOCK_CAPTURE_AUTORELEASING = YES;
				CLANG_WARN_BOOL_CONVERSION = YES;
				CLANG_WARN_COMMA = YES;
				CLANG_WARN_CONSTANT_CONVERSION = YES;
				CLANG_WARN_DEPRECATED_OBJC_IMPLEMENTATIONS = YES;
				CLANG_WARN_DIRECT_OBJC_ISA_USAGE = YES_ERROR;
				CLANG_WARN_DOCUMENTATION_COMMENTS = YES;
				CLANG_WARN_EMPTY_BODY = YES;
				CLANG_WARN_ENUM_CONVERSION = YES;
				CLANG_WARN_INFINITE_RECURSION = YES;
				CLANG_WARN_INT_CONVERSION = YES;
				CLANG_WARN_NON_LITERAL_NULL_CONVERSION = YES;
				CLANG_WARN_OBJC_IMPLICIT_RETAIN_SELF = YES;
				CLANG_WARN_OBJC_LITERAL_CONVERSION = YES;
				CLANG_WARN_OBJC_ROOT_CLASS = YES_ERROR;
				CLANG_WARN_QUOTED_INCLUDE_IN_FRAMEWORK_HEADER = YES;
				CLANG_WARN_RANGE_LOOP_ANALYSIS = YES;
				CLANG_WARN_STRICT_PROTOTYPES = YES;
				CLANG_WARN_SUSPICIOUS_MOVE = YES;
				CLANG_WARN_UNGUARDED_AVAILABILITY = YES_AGGRESSIVE;
				CLANG_WARN_UNREACHABLE_CODE = YES;
				CLANG_WARN__DUPLICATE_METHOD_MATCH = YES;
				COPY_PHASE_STRIP = NO;
				DEBUG_INFORMATION_FORMAT = "dwarf-with-dsym";
				ENABLE_NS_ASSERTIONS = NO;
				ENABLE_STRICT_OBJC_MSGSEND = YES;
				GCC_C_LANGUAGE_STANDARD = gnu11;
				GCC_NO_COMMON_BLOCKS = YES;
				GCC_WARN_64_TO_32_BIT_CONVERSION = YES;
				GCC_WARN_ABOUT_RETURN_TYPE = YES_ERROR;
				GCC_WARN_UNDECLARED_SELECTOR = YES;
				GCC_WARN_UNINITIALIZED_AUTOS = YES_AGGRESSIVE;
				GCC_WARN_UNUSED_FUNCTION = YES;
				GCC_WARN_UNUSED_VARIABLE = YES;
				IPHONEOS_DEPLOYMENT_TARGET = 16.4;
				MTL_ENABLE_DEBUG_INFO = NO;
				MTL_FAST_MATH = YES;
				SDKROOT = iphoneos;
				SWIFT_COMPILATION_MODE = wholemodule;
				SWIFT_OPTIMIZATION_LEVEL = "-O";
				VALIDATE_PRODUCT = YES;
			};
			name = Release;
		};
		D19AF8A02AB1DDA200B7ED11 /* Debug */ = {
			isa = XCBuildConfiguration;
			buildSettings = {
				ASSETCATALOG_COMPILER_APPICON_NAME = AppIcon;
				ASSETCATALOG_COMPILER_GLOBAL_ACCENT_COLOR_NAME = AccentColor;
				CODE_SIGN_STYLE = Automatic;
				CURRENT_PROJECT_VERSION = 1;
				DEVELOPMENT_TEAM = X686YG6VXT;
				GENERATE_INFOPLIST_FILE = YES;
				INFOPLIST_FILE = MVVMPractice/Info.plist;
				INFOPLIST_KEY_UIApplicationSupportsIndirectInputEvents = YES;
				INFOPLIST_KEY_UILaunchStoryboardName = LaunchScreen;
				INFOPLIST_KEY_UISupportedInterfaceOrientations_iPad = "UIInterfaceOrientationPortrait UIInterfaceOrientationPortraitUpsideDown UIInterfaceOrientationLandscapeLeft UIInterfaceOrientationLandscapeRight";
				INFOPLIST_KEY_UISupportedInterfaceOrientations_iPhone = "UIInterfaceOrientationPortrait UIInterfaceOrientationLandscapeLeft UIInterfaceOrientationLandscapeRight";
				LD_RUNPATH_SEARCH_PATHS = (
					"$(inherited)",
					"@executable_path/Frameworks",
				);
				MARKETING_VERSION = 1.0;
				PRODUCT_BUNDLE_IDENTIFIER = com.neenee.MVVMPractice;
				PRODUCT_NAME = "$(TARGET_NAME)";
				SWIFT_EMIT_LOC_STRINGS = YES;
				SWIFT_VERSION = 5.0;
				TARGETED_DEVICE_FAMILY = "1,2";
			};
			name = Debug;
		};
		D19AF8A12AB1DDA200B7ED11 /* Release */ = {
			isa = XCBuildConfiguration;
			buildSettings = {
				ASSETCATALOG_COMPILER_APPICON_NAME = AppIcon;
				ASSETCATALOG_COMPILER_GLOBAL_ACCENT_COLOR_NAME = AccentColor;
				CODE_SIGN_STYLE = Automatic;
				CURRENT_PROJECT_VERSION = 1;
				DEVELOPMENT_TEAM = X686YG6VXT;
				GENERATE_INFOPLIST_FILE = YES;
				INFOPLIST_FILE = MVVMPractice/Info.plist;
				INFOPLIST_KEY_UIApplicationSupportsIndirectInputEvents = YES;
				INFOPLIST_KEY_UILaunchStoryboardName = LaunchScreen;
				INFOPLIST_KEY_UISupportedInterfaceOrientations_iPad = "UIInterfaceOrientationPortrait UIInterfaceOrientationPortraitUpsideDown UIInterfaceOrientationLandscapeLeft UIInterfaceOrientationLandscapeRight";
				INFOPLIST_KEY_UISupportedInterfaceOrientations_iPhone = "UIInterfaceOrientationPortrait UIInterfaceOrientationLandscapeLeft UIInterfaceOrientationLandscapeRight";
				LD_RUNPATH_SEARCH_PATHS = (
					"$(inherited)",
					"@executable_path/Frameworks",
				);
				MARKETING_VERSION = 1.0;
				PRODUCT_BUNDLE_IDENTIFIER = com.neenee.MVVMPractice;
				PRODUCT_NAME = "$(TARGET_NAME)";
				SWIFT_EMIT_LOC_STRINGS = YES;
				SWIFT_VERSION = 5.0;
				TARGETED_DEVICE_FAMILY = "1,2";
			};
			name = Release;
		};
/* End XCBuildConfiguration section */

/* Begin XCConfigurationList section */
		D19AF8862AB1DDA200B7ED11 /* Build configuration list for PBXProject "MVVMPractice" */ = {
			isa = XCConfigurationList;
			buildConfigurations = (
				D19AF89D2AB1DDA200B7ED11 /* Debug */,
				D19AF89E2AB1DDA200B7ED11 /* Release */,
			);
			defaultConfigurationIsVisible = 0;
			defaultConfigurationName = Release;
		};
		D19AF89F2AB1DDA200B7ED11 /* Build configuration list for PBXNativeTarget "MVVMPractice" */ = {
			isa = XCConfigurationList;
			buildConfigurations = (
				D19AF8A02AB1DDA200B7ED11 /* Debug */,
				D19AF8A12AB1DDA200B7ED11 /* Release */,
			);
			defaultConfigurationIsVisible = 0;
			defaultConfigurationName = Release;
		};
/* End XCConfigurationList section */

/* Begin XCRemoteSwiftPackageReference section */
		D19AF8B02AB1EE5500B7ED11 /* XCRemoteSwiftPackageReference "SnapKit" */ = {
			isa = XCRemoteSwiftPackageReference;
			repositoryURL = "https://github.com/SnapKit/SnapKit.git";
			requirement = {
				kind = upToNextMajorVersion;
				minimumVersion = 5.0.0;
			};
		};
/* End XCRemoteSwiftPackageReference section */

/* Begin XCSwiftPackageProductDependency section */
		D19AF8B12AB1EE5500B7ED11 /* SnapKit */ = {
			isa = XCSwiftPackageProductDependency;
			package = D19AF8B02AB1EE5500B7ED11 /* XCRemoteSwiftPackageReference "SnapKit" */;
			productName = SnapKit;
		};
/* End XCSwiftPackageProductDependency section */
	};
	rootObject = D19AF8832AB1DDA200B7ED11 /* Project object */;
}
